
Microsoft Visual Studio Solution File, Format Version 10.00
# Visual C++ Express 2008
Project("{8BC9CEB8-8B4A-11D0-8D11-00A0C91BC942}") = "plastic", "plastic.vcproj", "{BDCC2372-D4F0-4219-AB9A-9828278CC9B1}"
EndProject
Global
	GlobalSection(SolutionConfigurationPlatforms) = preSolution
		Debug|Win32 = Debug|Win32
		Release|Win32 = Release|Win32
	EndGlobalSection
	GlobalSection(ProjectConfigurationPlatforms) = postSolution
		{BDCC2372-D4F0-4219-AB9A-9828278CC9B1}.Debug|Win32.ActiveCfg = Debug|Win32
		{BDCC2372-D4F0-4219-AB9A-9828278CC9B1}.Debug|Win32.Build.0 = Debug|Win32
		{BDCC2372-D4F0-4219-AB9A-9828278CC9B1}.Release|Win32.ActiveCfg = Release|Win32
		{BDCC2372-D4F0-4219-AB9A-9828278CC9B1}.Release|Win32.Build.0 = Release|Win32
	EndGlobalSection
	GlobalSection(SolutionProperties) = preSolution
		HideSolutionNode = FALSE
	EndGlobalSection
EndGlobal
