// !$*UTF8*$!
{
	archiveVersion = 1;
	classes = {
	};
	objectVersion = 46;
	objects = {

/* Begin PBXBuildFile section */
		2E1AA2381672AC07006A8DBF /* SDLMain.m in Sources */ = {isa = PBXBuildFile; fileRef = 2E1AA2371672AC07006A8DBF /* SDLMain.m */; };
		2E1AA23A1672ACAB006A8DBF /* Cocoa.framework in Frameworks */ = {isa = PBXBuildFile; fileRef = 2E1AA2391672ACAB006A8DBF /* Cocoa.framework */; };
		A1AA2B0F1671B06800CB0135 /* FreeType.framework in Frameworks */ = {isa = PBXBuildFile; fileRef = A1AA2B0E1671B06800CB0135 /* FreeType.framework */; };
		A1AA2B111671B13600CB0135 /* OpenGL.framework in Frameworks */ = {isa = PBXBuildFile; fileRef = A1AA2B101671B13600CB0135 /* OpenGL.framework */; };
		A1AA2C051671B21900CB0135 /* block.cpp in Sources */ = {isa = PBXBuildFile; fileRef = A1AA2B151671B21900CB0135 /* block.cpp */; };
		A1AA2C061671B21900CB0135 /* building.cpp in Sources */ = {isa = PBXBuildFile; fileRef = A1AA2B171671B21900CB0135 /* building.cpp */; };
		A1AA2C071671B21900CB0135 /* c_api.cpp in Sources */ = {isa = PBXBuildFile; fileRef = A1AA2B191671B21900CB0135 /* c_api.cpp */; };
		A1AA2C081671B21900CB0135 /* closures.cpp in Sources */ = {isa = PBXBuildFile; fileRef = A1AA2B221671B21900CB0135 /* closures.cpp */; };
		A1AA2C091671B21900CB0135 /* code_iterators.cpp in Sources */ = {isa = PBXBuildFile; fileRef = A1AA2B241671B21900CB0135 /* code_iterators.cpp */; };
		A1AA2C0A1671B21900CB0135 /* codegen.cpp in Sources */ = {isa = PBXBuildFile; fileRef = A1AA2B261671B21900CB0135 /* codegen.cpp */; };
		A1AA2C0B1671B21900CB0135 /* build_tool.cpp in Sources */ = {isa = PBXBuildFile; fileRef = A1AA2B291671B21900CB0135 /* build_tool.cpp */; };
		A1AA2C0C1671B21900CB0135 /* command_line.cpp in Sources */ = {isa = PBXBuildFile; fileRef = A1AA2B2B1671B21900CB0135 /* command_line.cpp */; };
		A1AA2C0E1671B21900CB0135 /* debugger_repl.cpp in Sources */ = {isa = PBXBuildFile; fileRef = A1AA2B2E1671B21900CB0135 /* debugger_repl.cpp */; };
		A1AA2C0F1671B21900CB0135 /* exporting_parser.cpp in Sources */ = {isa = PBXBuildFile; fileRef = A1AA2B301671B21900CB0135 /* exporting_parser.cpp */; };
		A1AA2C101671B21900CB0135 /* file_checker.cpp in Sources */ = {isa = PBXBuildFile; fileRef = A1AA2B321671B21900CB0135 /* file_checker.cpp */; };
		A1AA2C111671B21900CB0135 /* generate_cpp.cpp in Sources */ = {isa = PBXBuildFile; fileRef = A1AA2B341671B21900CB0135 /* generate_cpp.cpp */; };
		A1AA2C121671B21900CB0135 /* control_flow.cpp in Sources */ = {isa = PBXBuildFile; fileRef = A1AA2B381671B21900CB0135 /* control_flow.cpp */; };
		A1AA2C131671B21900CB0135 /* debug.cpp in Sources */ = {isa = PBXBuildFile; fileRef = A1AA2B3A1671B21900CB0135 /* debug.cpp */; };
		A1AA2C141671B21900CB0135 /* dict.cpp in Sources */ = {isa = PBXBuildFile; fileRef = A1AA2B3C1671B21900CB0135 /* dict.cpp */; };
		A1AA2C151671B21900CB0135 /* dll_loading.cpp in Sources */ = {isa = PBXBuildFile; fileRef = A1AA2B3E1671B21900CB0135 /* dll_loading.cpp */; };
		A1AA2C161671B21900CB0135 /* evaluation.cpp in Sources */ = {isa = PBXBuildFile; fileRef = A1AA2B401671B21900CB0135 /* evaluation.cpp */; };
		A1AA2C171671B21900CB0135 /* fakefs.cpp in Sources */ = {isa = PBXBuildFile; fileRef = A1AA2B421671B21900CB0135 /* fakefs.cpp */; };
		A1AA2C181671B21900CB0135 /* feedback.cpp in Sources */ = {isa = PBXBuildFile; fileRef = A1AA2B441671B21900CB0135 /* feedback.cpp */; };
		A1AA2C191671B21900CB0135 /* file_watch.cpp in Sources */ = {isa = PBXBuildFile; fileRef = A1AA2B461671B21900CB0135 /* file_watch.cpp */; };
		A1AA2C1A1671B21900CB0135 /* file.cpp in Sources */ = {isa = PBXBuildFile; fileRef = A1AA2B481671B21900CB0135 /* file.cpp */; };
		A1AA2C1B1671B21900CB0135 /* function.cpp in Sources */ = {isa = PBXBuildFile; fileRef = A1AA2B4A1671B21900CB0135 /* function.cpp */; };
		A1AA2C1C1671B21900CB0135 /* abs.cpp in Sources */ = {isa = PBXBuildFile; fileRef = A1AA2B4D1671B21900CB0135 /* abs.cpp */; };
		A1AA2C1D1671B21900CB0135 /* add.cpp in Sources */ = {isa = PBXBuildFile; fileRef = A1AA2B4E1671B21900CB0135 /* add.cpp */; };
		A1AA2C1E1671B21900CB0135 /* any_true.cpp in Sources */ = {isa = PBXBuildFile; fileRef = A1AA2B4F1671B21900CB0135 /* any_true.cpp */; };
		A1AA2C1F1671B21900CB0135 /* block.cpp in Sources */ = {isa = PBXBuildFile; fileRef = A1AA2B501671B21900CB0135 /* block.cpp */; };
		A1AA2C201671B21900CB0135 /* cast.cpp in Sources */ = {isa = PBXBuildFile; fileRef = A1AA2B511671B21900CB0135 /* cast.cpp */; };
		A1AA2C211671B21900CB0135 /* comment.cpp in Sources */ = {isa = PBXBuildFile; fileRef = A1AA2B521671B21900CB0135 /* comment.cpp */; };
		A1AA2C221671B21900CB0135 /* comparison.cpp in Sources */ = {isa = PBXBuildFile; fileRef = A1AA2B531671B21900CB0135 /* comparison.cpp */; };
		A1AA2C231671B21900CB0135 /* concat.cpp in Sources */ = {isa = PBXBuildFile; fileRef = A1AA2B541671B21900CB0135 /* concat.cpp */; };
		A1AA2C241671B21900CB0135 /* cond.cpp in Sources */ = {isa = PBXBuildFile; fileRef = A1AA2B551671B21900CB0135 /* cond.cpp */; };
		A1AA2C251671B21900CB0135 /* container_set.cpp in Sources */ = {isa = PBXBuildFile; fileRef = A1AA2B561671B21900CB0135 /* container_set.cpp */; };
		A1AA2C261671B21900CB0135 /* copy.cpp in Sources */ = {isa = PBXBuildFile; fileRef = A1AA2B571671B21900CB0135 /* copy.cpp */; };
		A1AA2C271671B21900CB0135 /* cppbuild.cpp in Sources */ = {isa = PBXBuildFile; fileRef = A1AA2B581671B21900CB0135 /* cppbuild.cpp */; };
		A1AA2C281671B21900CB0135 /* declared_state.cpp in Sources */ = {isa = PBXBuildFile; fileRef = A1AA2B591671B21900CB0135 /* declared_state.cpp */; };
		A1AA2C291671B21900CB0135 /* div.cpp in Sources */ = {isa = PBXBuildFile; fileRef = A1AA2B5A1671B21900CB0135 /* div.cpp */; };
		A1AA2C2A1671B21900CB0135 /* equals.cpp in Sources */ = {isa = PBXBuildFile; fileRef = A1AA2B5B1671B21900CB0135 /* equals.cpp */; };
		A1AA2C2B1671B21900CB0135 /* error.cpp in Sources */ = {isa = PBXBuildFile; fileRef = A1AA2B5C1671B21900CB0135 /* error.cpp */; };
		A1AA2C2C1671B21900CB0135 /* extra_output.cpp in Sources */ = {isa = PBXBuildFile; fileRef = A1AA2B5D1671B21900CB0135 /* extra_output.cpp */; };
		A1AA2C2D1671B21900CB0135 /* feedback.cpp in Sources */ = {isa = PBXBuildFile; fileRef = A1AA2B5E1671B21900CB0135 /* feedback.cpp */; };
		A1AA2C2E1671B21900CB0135 /* for.cpp in Sources */ = {isa = PBXBuildFile; fileRef = A1AA2B5F1671B21900CB0135 /* for.cpp */; };
		A1AA2C2F1671B21900CB0135 /* get_field.cpp in Sources */ = {isa = PBXBuildFile; fileRef = A1AA2B601671B21900CB0135 /* get_field.cpp */; };
		A1AA2C301671B21900CB0135 /* get_index.cpp in Sources */ = {isa = PBXBuildFile; fileRef = A1AA2B611671B21900CB0135 /* get_index.cpp */; };
		A1AA2C311671B21900CB0135 /* if_block.cpp in Sources */ = {isa = PBXBuildFile; fileRef = A1AA2B621671B21900CB0135 /* if_block.cpp */; };
		A1AA2C321671B21900CB0135 /* implicit_state.cpp in Sources */ = {isa = PBXBuildFile; fileRef = A1AA2B631671B21900CB0135 /* implicit_state.cpp */; };
		A1AA2C331671B21900CB0135 /* include.cpp in Sources */ = {isa = PBXBuildFile; fileRef = A1AA2B641671B21900CB0135 /* include.cpp */; };
		A1AA2C341671B21900CB0135 /* increment.cpp in Sources */ = {isa = PBXBuildFile; fileRef = A1AA2B651671B21900CB0135 /* increment.cpp */; };
		A1AA2C351671B21900CB0135 /* input_explicit.cpp in Sources */ = {isa = PBXBuildFile; fileRef = A1AA2B661671B21900CB0135 /* input_explicit.cpp */; };
		A1AA2C361671B21900CB0135 /* internal_debug.cpp in Sources */ = {isa = PBXBuildFile; fileRef = A1AA2B671671B21900CB0135 /* internal_debug.cpp */; };
		A1AA2C371671B21900CB0135 /* list.cpp in Sources */ = {isa = PBXBuildFile; fileRef = A1AA2B681671B21900CB0135 /* list.cpp */; };
		A1AA2C381671B21900CB0135 /* logical.cpp in Sources */ = {isa = PBXBuildFile; fileRef = A1AA2B691671B21900CB0135 /* logical.cpp */; };
		A1AA2C391671B21900CB0135 /* make.cpp in Sources */ = {isa = PBXBuildFile; fileRef = A1AA2B6A1671B21900CB0135 /* make.cpp */; };
		A1AA2C3A1671B21900CB0135 /* math.cpp in Sources */ = {isa = PBXBuildFile; fileRef = A1AA2B6B1671B21900CB0135 /* math.cpp */; };
		A1AA2C3B1671B21900CB0135 /* mult.cpp in Sources */ = {isa = PBXBuildFile; fileRef = A1AA2B6C1671B21900CB0135 /* mult.cpp */; };
		A1AA2C3C1671B21900CB0135 /* namespace.cpp in Sources */ = {isa = PBXBuildFile; fileRef = A1AA2B6D1671B21900CB0135 /* namespace.cpp */; };
		A1AA2C3D1671B21900CB0135 /* neg.cpp in Sources */ = {isa = PBXBuildFile; fileRef = A1AA2B6E1671B21900CB0135 /* neg.cpp */; };
		A1AA2C3E1671B21900CB0135 /* print.cpp in Sources */ = {isa = PBXBuildFile; fileRef = A1AA2B6F1671B21900CB0135 /* print.cpp */; };
		A1AA2C3F1671B21900CB0135 /* rand.cpp in Sources */ = {isa = PBXBuildFile; fileRef = A1AA2B701671B21900CB0135 /* rand.cpp */; };
		A1AA2C401671B21900CB0135 /* range.cpp in Sources */ = {isa = PBXBuildFile; fileRef = A1AA2B711671B21900CB0135 /* range.cpp */; };
		A1AA2C411671B21900CB0135 /* rpath.cpp in Sources */ = {isa = PBXBuildFile; fileRef = A1AA2B721671B21900CB0135 /* rpath.cpp */; };
		A1AA2C421671B21900CB0135 /* set_field.cpp in Sources */ = {isa = PBXBuildFile; fileRef = A1AA2B731671B21900CB0135 /* set_field.cpp */; };
		A1AA2C431671B21900CB0135 /* set_index.cpp in Sources */ = {isa = PBXBuildFile; fileRef = A1AA2B741671B21900CB0135 /* set_index.cpp */; };
		A1AA2C441671B21900CB0135 /* set_methods.cpp in Sources */ = {isa = PBXBuildFile; fileRef = A1AA2B751671B21900CB0135 /* set_methods.cpp */; };
		A1AA2C451671B21900CB0135 /* set_union.cpp in Sources */ = {isa = PBXBuildFile; fileRef = A1AA2B761671B21900CB0135 /* set_union.cpp */; };
		A1AA2C461671B21900CB0135 /* static_error.cpp in Sources */ = {isa = PBXBuildFile; fileRef = A1AA2B771671B21900CB0135 /* static_error.cpp */; };
		A1AA2C471671B21900CB0135 /* sub.cpp in Sources */ = {isa = PBXBuildFile; fileRef = A1AA2B781671B21900CB0135 /* sub.cpp */; };
		A1AA2C481671B21900CB0135 /* swap.cpp in Sources */ = {isa = PBXBuildFile; fileRef = A1AA2B791671B21900CB0135 /* swap.cpp */; };
		A1AA2C491671B21900CB0135 /* switch.cpp in Sources */ = {isa = PBXBuildFile; fileRef = A1AA2B7A1671B21900CB0135 /* switch.cpp */; };
		A1AA2C4A1671B21900CB0135 /* term_to_source.cpp in Sources */ = {isa = PBXBuildFile; fileRef = A1AA2B7B1671B21900CB0135 /* term_to_source.cpp */; };
		A1AA2C4B1671B21900CB0135 /* to_string.cpp in Sources */ = {isa = PBXBuildFile; fileRef = A1AA2B7C1671B21900CB0135 /* to_string.cpp */; };
		A1AA2C4C1671B21900CB0135 /* trig.cpp in Sources */ = {isa = PBXBuildFile; fileRef = A1AA2B7D1671B21900CB0135 /* trig.cpp */; };
		A1AA2C4D1671B21900CB0135 /* type_check.cpp in Sources */ = {isa = PBXBuildFile; fileRef = A1AA2B7E1671B21900CB0135 /* type_check.cpp */; };
		A1AA2C4E1671B21900CB0135 /* unique_id.cpp in Sources */ = {isa = PBXBuildFile; fileRef = A1AA2B7F1671B21900CB0135 /* unique_id.cpp */; };
		A1AA2C4F1671B21900CB0135 /* unknown_function.cpp in Sources */ = {isa = PBXBuildFile; fileRef = A1AA2B801671B21900CB0135 /* unknown_function.cpp */; };
		A1AA2C501671B21900CB0135 /* unknown_identifier.cpp in Sources */ = {isa = PBXBuildFile; fileRef = A1AA2B811671B21900CB0135 /* unknown_identifier.cpp */; };
		A1AA2C511671B21900CB0135 /* unrecognized_expr.cpp in Sources */ = {isa = PBXBuildFile; fileRef = A1AA2B821671B21900CB0135 /* unrecognized_expr.cpp */; };
		A1AA2C521671B21900CB0135 /* write_text_file.cpp in Sources */ = {isa = PBXBuildFile; fileRef = A1AA2B831671B21900CB0135 /* write_text_file.cpp */; };
		A1AA2C531671B21900CB0135 /* gc.cpp in Sources */ = {isa = PBXBuildFile; fileRef = A1AA2B841671B21900CB0135 /* gc.cpp */; };
		A1AA2C571671B21900CB0135 /* setup_builtin_functions.cpp in Sources */ = {isa = PBXBuildFile; fileRef = A1AA2B8A1671B21900CB0135 /* setup_builtin_functions.cpp */; };
		A1AA2C581671B21900CB0135 /* stdlib_script_text.cpp in Sources */ = {isa = PBXBuildFile; fileRef = A1AA2B8B1671B21900CB0135 /* stdlib_script_text.cpp */; };
		A1AA2C591671B21900CB0135 /* generic.cpp in Sources */ = {isa = PBXBuildFile; fileRef = A1AA2B8C1671B21900CB0135 /* generic.cpp */; };
		A1AA2C5A1671B21900CB0135 /* handle.cpp in Sources */ = {isa = PBXBuildFile; fileRef = A1AA2B8E1671B21900CB0135 /* handle.cpp */; };
		A1AA2C5B1671B21900CB0135 /* hashtable.cpp in Sources */ = {isa = PBXBuildFile; fileRef = A1AA2B901671B21900CB0135 /* hashtable.cpp */; };
		A1AA2C5C1671B21900CB0135 /* heap_debugging.cpp in Sources */ = {isa = PBXBuildFile; fileRef = A1AA2B921671B21900CB0135 /* heap_debugging.cpp */; };
		A1AA2C5D1671B21900CB0135 /* if_block.cpp in Sources */ = {isa = PBXBuildFile; fileRef = A1AA2B941671B21900CB0135 /* if_block.cpp */; };
		A1AA2C5E1671B21900CB0135 /* importing.cpp in Sources */ = {isa = PBXBuildFile; fileRef = A1AA2B971671B21900CB0135 /* importing.cpp */; };
		A1AA2C5F1671B21900CB0135 /* inspection.cpp in Sources */ = {isa = PBXBuildFile; fileRef = A1AA2B991671B21900CB0135 /* inspection.cpp */; };
		A1AA2C601671B21900CB0135 /* kernel.cpp in Sources */ = {isa = PBXBuildFile; fileRef = A1AA2B9B1671B21900CB0135 /* kernel.cpp */; };
		A1AA2C611671B21900CB0135 /* list.cpp in Sources */ = {isa = PBXBuildFile; fileRef = A1AA2B9D1671B21900CB0135 /* list.cpp */; };
		A1AA2C621671B21900CB0135 /* loops.cpp in Sources */ = {isa = PBXBuildFile; fileRef = A1AA2B9F1671B21900CB0135 /* loops.cpp */; };
		A1AA2C631671B21900CB0135 /* modules.cpp in Sources */ = {isa = PBXBuildFile; fileRef = A1AA2BA11671B21900CB0135 /* modules.cpp */; };
		A1AA2C641671B21900CB0135 /* names_builtin.cpp in Sources */ = {isa = PBXBuildFile; fileRef = A1AA2BA31671B21900CB0135 /* names_builtin.cpp */; };
		A1AA2C651671B21900CB0135 /* names.cpp in Sources */ = {isa = PBXBuildFile; fileRef = A1AA2BA51671B21900CB0135 /* names.cpp */; };
		A1AA2C661671B21900CB0135 /* native_modules.cpp in Sources */ = {isa = PBXBuildFile; fileRef = A1AA2BA81671B21900CB0135 /* native_modules.cpp */; };
		A1AA2C671671B21900CB0135 /* object.cpp in Sources */ = {isa = PBXBuildFile; fileRef = A1AA2BAA1671B21900CB0135 /* object.cpp */; };
		A1AA2C681671B21900CB0135 /* parser.cpp in Sources */ = {isa = PBXBuildFile; fileRef = A1AA2BAC1671B21900CB0135 /* parser.cpp */; };
		A1AA2C691671B21900CB0135 /* reflection.cpp in Sources */ = {isa = PBXBuildFile; fileRef = A1AA2BAE1671B21900CB0135 /* reflection.cpp */; };
		A1AA2C6A1671B21900CB0135 /* selector.cpp in Sources */ = {isa = PBXBuildFile; fileRef = A1AA2BB01671B21900CB0135 /* selector.cpp */; };
		A1AA2C6B1671B21900CB0135 /* source_repro.cpp in Sources */ = {isa = PBXBuildFile; fileRef = A1AA2BB21671B21900CB0135 /* source_repro.cpp */; };
		A1AA2C6C1671B21900CB0135 /* stateful_code.cpp in Sources */ = {isa = PBXBuildFile; fileRef = A1AA2BB41671B21900CB0135 /* stateful_code.cpp */; };
		A1AA2C6D1671B21900CB0135 /* static_checking.cpp in Sources */ = {isa = PBXBuildFile; fileRef = A1AA2BB61671B21900CB0135 /* static_checking.cpp */; };
		A1AA2C6E1671B21900CB0135 /* str_repr.cpp in Sources */ = {isa = PBXBuildFile; fileRef = A1AA2BB91671B21900CB0135 /* str_repr.cpp */; };
		A1AA2C6F1671B21900CB0135 /* string_type.cpp in Sources */ = {isa = PBXBuildFile; fileRef = A1AA2BBA1671B21900CB0135 /* string_type.cpp */; };
		A1AA2C701671B21900CB0135 /* switch_block.cpp in Sources */ = {isa = PBXBuildFile; fileRef = A1AA2BBC1671B21900CB0135 /* switch_block.cpp */; };
		A1AA2C711671B21900CB0135 /* tagged_value.cpp in Sources */ = {isa = PBXBuildFile; fileRef = A1AA2BBE1671B21900CB0135 /* tagged_value.cpp */; };
		A1AA2C721671B21900CB0135 /* term_list.cpp in Sources */ = {isa = PBXBuildFile; fileRef = A1AA2BC01671B21900CB0135 /* term_list.cpp */; };
		A1AA2C731671B21900CB0135 /* term_namespace.cpp in Sources */ = {isa = PBXBuildFile; fileRef = A1AA2BC31671B21900CB0135 /* term_namespace.cpp */; };
		A1AA2C741671B21900CB0135 /* term.cpp in Sources */ = {isa = PBXBuildFile; fileRef = A1AA2BC61671B21900CB0135 /* term.cpp */; };
		A1AA2C751671B21900CB0135 /* thread.cpp in Sources */ = {isa = PBXBuildFile; fileRef = A1AA2BC81671B21900CB0135 /* thread.cpp */; };
		A1AA2C761671B21900CB0135 /* token.cpp in Sources */ = {isa = PBXBuildFile; fileRef = A1AA2BC91671B21900CB0135 /* token.cpp */; };
		A1AA2C771671B21900CB0135 /* type_inference.cpp in Sources */ = {isa = PBXBuildFile; fileRef = A1AA2BCB1671B21900CB0135 /* type_inference.cpp */; };
		A1AA2C781671B21900CB0135 /* type.cpp in Sources */ = {isa = PBXBuildFile; fileRef = A1AA2BCD1671B21900CB0135 /* type.cpp */; };
		A1AA2C791671B21900CB0135 /* any.cpp in Sources */ = {isa = PBXBuildFile; fileRef = A1AA2BD01671B21900CB0135 /* any.cpp */; };
		A1AA2C7A1671B21900CB0135 /* bool.cpp in Sources */ = {isa = PBXBuildFile; fileRef = A1AA2BD21671B21900CB0135 /* bool.cpp */; };
		A1AA2C7B1671B21900CB0135 /* callable.cpp in Sources */ = {isa = PBXBuildFile; fileRef = A1AA2BD41671B21900CB0135 /* callable.cpp */; };
		A1AA2C7C1671B21900CB0135 /* color.cpp in Sources */ = {isa = PBXBuildFile; fileRef = A1AA2BD61671B21900CB0135 /* color.cpp */; };
		A1AA2C7D1671B21900CB0135 /* common.cpp in Sources */ = {isa = PBXBuildFile; fileRef = A1AA2BD81671B21900CB0135 /* common.cpp */; };
		A1AA2C7E1671B21900CB0135 /* eval_context.cpp in Sources */ = {isa = PBXBuildFile; fileRef = A1AA2BDA1671B21900CB0135 /* eval_context.cpp */; };
		A1AA2C7F1671B21900CB0135 /* indexable.cpp in Sources */ = {isa = PBXBuildFile; fileRef = A1AA2BDC1671B21900CB0135 /* indexable.cpp */; };
		A1AA2C801671B21900CB0135 /* int.cpp in Sources */ = {isa = PBXBuildFile; fileRef = A1AA2BDE1671B21900CB0135 /* int.cpp */; };
		A1AA2C811671B21900CB0135 /* name.cpp in Sources */ = {isa = PBXBuildFile; fileRef = A1AA2BE01671B21900CB0135 /* name.cpp */; };
		A1AA2C821671B21900CB0135 /* null.cpp in Sources */ = {isa = PBXBuildFile; fileRef = A1AA2BE21671B21900CB0135 /* null.cpp */; };
		A1AA2C831671B21900CB0135 /* number.cpp in Sources */ = {isa = PBXBuildFile; fileRef = A1AA2BE31671B21900CB0135 /* number.cpp */; };
		A1AA2C841671B21900CB0135 /* opaque_pointer_t.cpp in Sources */ = {isa = PBXBuildFile; fileRef = A1AA2BE51671B21900CB0135 /* opaque_pointer_t.cpp */; };
		A1AA2C851671B21900CB0135 /* set.cpp in Sources */ = {isa = PBXBuildFile; fileRef = A1AA2BE61671B21900CB0135 /* set.cpp */; };
		A1AA2C861671B21900CB0135 /* void.cpp in Sources */ = {isa = PBXBuildFile; fileRef = A1AA2BE81671B21900CB0135 /* void.cpp */; };
		A1AA2C981671B21900CB0135 /* update_cascades.cpp in Sources */ = {isa = PBXBuildFile; fileRef = A1AA2BFE1671B21900CB0135 /* update_cascades.cpp */; };
		A1AA2C991671B21900CB0135 /* weak_ptrs.cpp in Sources */ = {isa = PBXBuildFile; fileRef = A1AA2C011671B21900CB0135 /* weak_ptrs.cpp */; };
		A1AA2C9A1671B21900CB0135 /* world.cpp in Sources */ = {isa = PBXBuildFile; fileRef = A1AA2C031671B21900CB0135 /* world.cpp */; };
		A1AA2CA41671B80D00CB0135 /* SDL.framework in CopyFiles */ = {isa = PBXBuildFile; fileRef = A1F3B11816719F91002202FA /* SDL.framework */; };
		A1E52D46167F7D2A00D41B7D /* SDLMain.cpp in Sources */ = {isa = PBXBuildFile; fileRef = A1E52D45167F7D2A00D41B7D /* SDLMain.cpp */; };
		A1E52D4A167F7D9400D41B7D /* repl.cpp in Sources */ = {isa = PBXBuildFile; fileRef = A1E52D48167F7D9400D41B7D /* repl.cpp */; };
		A1F3B10C16719BEC002202FA /* Common.cpp in Sources */ = {isa = PBXBuildFile; fileRef = A1F3B0F216719BEC002202FA /* Common.cpp */; };
		A1F3B10D16719BEC002202FA /* FontBitmap.cpp in Sources */ = {isa = PBXBuildFile; fileRef = A1F3B0F416719BEC002202FA /* FontBitmap.cpp */; };
		A1F3B11016719BEC002202FA /* RenderTarget.cpp in Sources */ = {isa = PBXBuildFile; fileRef = A1F3B0FC16719BEC002202FA /* RenderTarget.cpp */; };
		A1F3B11116719BEC002202FA /* ResourceManager.cpp in Sources */ = {isa = PBXBuildFile; fileRef = A1F3B0FE16719BEC002202FA /* ResourceManager.cpp */; };
		A1F3B11316719BEC002202FA /* ShaderUtils.cpp in Sources */ = {isa = PBXBuildFile; fileRef = A1F3B10216719BEC002202FA /* ShaderUtils.cpp */; };
		A1F3B11416719BEC002202FA /* TextTexture.cpp in Sources */ = {isa = PBXBuildFile; fileRef = A1F3B10416719BEC002202FA /* TextTexture.cpp */; };
		A1F3B11516719BEC002202FA /* Texture.cpp in Sources */ = {isa = PBXBuildFile; fileRef = A1F3B10616719BEC002202FA /* Texture.cpp */; };
		A1F3B11616719BEC002202FA /* triangulate.cpp in Sources */ = {isa = PBXBuildFile; fileRef = A1F3B10816719BEC002202FA /* triangulate.cpp */; };
		A1F3B11916719F91002202FA /* SDL.framework in Frameworks */ = {isa = PBXBuildFile; fileRef = A1F3B11816719F91002202FA /* SDL.framework */; };
/* End PBXBuildFile section */

/* Begin PBXCopyFilesBuildPhase section */
		A1AA2CA31671B7FF00CB0135 /* CopyFiles */ = {
			isa = PBXCopyFilesBuildPhase;
			buildActionMask = 2147483647;
			dstPath = "";
			dstSubfolderSpec = 10;
			files = (
				A1AA2CA41671B80D00CB0135 /* SDL.framework in CopyFiles */,
			);
			runOnlyForDeploymentPostprocessing = 0;
		};
		A1BAC78916719A460048831B /* CopyFiles */ = {
			isa = PBXCopyFilesBuildPhase;
			buildActionMask = 2147483647;
			dstPath = usr/share/man/man1;
			dstSubfolderSpec = 0;
			files = (
			);
			runOnlyForDeploymentPostprocessing = 1;
		};
/* End PBXCopyFilesBuildPhase section */

/* Begin PBXFileReference section */
		2E1AA2361672AC07006A8DBF /* SDLMain.h */ = {isa = PBXFileReference; fileEncoding = 4; lastKnownFileType = sourcecode.c.h; name = SDLMain.h; path = deps/sdl_mac/SDLMain.h; sourceTree = SOURCE_ROOT; };
		2E1AA2371672AC07006A8DBF /* SDLMain.m */ = {isa = PBXFileReference; fileEncoding = 4; lastKnownFileType = sourcecode.c.objc; name = SDLMain.m; path = deps/sdl_mac/SDLMain.m; sourceTree = SOURCE_ROOT; };
		2E1AA2391672ACAB006A8DBF /* Cocoa.framework */ = {isa = PBXFileReference; lastKnownFileType = wrapper.framework; name = Cocoa.framework; path = ../../../../System/Library/Frameworks/Cocoa.framework; sourceTree = "<group>"; };
		A1AA2B0E1671B06800CB0135 /* FreeType.framework */ = {isa = PBXFileReference; lastKnownFileType = wrapper.framework; name = FreeType.framework; path = deps/FreeType.framework; sourceTree = "<group>"; };
		A1AA2B101671B13600CB0135 /* OpenGL.framework */ = {isa = PBXFileReference; lastKnownFileType = wrapper.framework; name = OpenGL.framework; path = ../../../../System/Library/Frameworks/OpenGL.framework; sourceTree = "<group>"; };
		A1AA2B151671B21900CB0135 /* block.cpp */ = {isa = PBXFileReference; fileEncoding = 4; lastKnownFileType = sourcecode.cpp.cpp; name = block.cpp; path = ../src/block.cpp; sourceTree = "<group>"; };
		A1AA2B161671B21900CB0135 /* block.h */ = {isa = PBXFileReference; fileEncoding = 4; lastKnownFileType = sourcecode.c.h; name = block.h; path = ../src/block.h; sourceTree = "<group>"; };
		A1AA2B171671B21900CB0135 /* building.cpp */ = {isa = PBXFileReference; fileEncoding = 4; lastKnownFileType = sourcecode.cpp.cpp; name = building.cpp; path = ../src/building.cpp; sourceTree = "<group>"; };
		A1AA2B181671B21900CB0135 /* building.h */ = {isa = PBXFileReference; fileEncoding = 4; lastKnownFileType = sourcecode.c.h; name = building.h; path = ../src/building.h; sourceTree = "<group>"; };
		A1AA2B191671B21900CB0135 /* c_api.cpp */ = {isa = PBXFileReference; fileEncoding = 4; lastKnownFileType = sourcecode.cpp.cpp; name = c_api.cpp; path = ../src/c_api.cpp; sourceTree = "<group>"; };
		A1AA2B1B1671B21900CB0135 /* bytecode_generated.ca */ = {isa = PBXFileReference; fileEncoding = 4; lastKnownFileType = text; path = bytecode_generated.ca; sourceTree = "<group>"; };
		A1AA2B1C1671B21900CB0135 /* cpp_codegen.ca */ = {isa = PBXFileReference; fileEncoding = 4; lastKnownFileType = text; path = cpp_codegen.ca; sourceTree = "<group>"; };
		A1AA2B1D1671B21900CB0135 /* DumpDocs.ca */ = {isa = PBXFileReference; fileEncoding = 4; lastKnownFileType = text; path = DumpDocs.ca; sourceTree = "<group>"; };
		A1AA2B1E1671B21900CB0135 /* Feedback.ca */ = {isa = PBXFileReference; fileEncoding = 4; lastKnownFileType = text; path = Feedback.ca; sourceTree = "<group>"; };
		A1AA2B1F1671B21900CB0135 /* FeedbackTest.ca */ = {isa = PBXFileReference; fileEncoding = 4; lastKnownFileType = text; path = FeedbackTest.ca; sourceTree = "<group>"; };
		A1AA2B201671B21900CB0135 /* GenBindingsCpp.ca */ = {isa = PBXFileReference; fileEncoding = 4; lastKnownFileType = text; path = GenBindingsCpp.ca; sourceTree = "<group>"; };
		A1AA2B211671B21900CB0135 /* stdlib.ca */ = {isa = PBXFileReference; fileEncoding = 4; lastKnownFileType = text; path = stdlib.ca; sourceTree = "<group>"; };
		A1AA2B221671B21900CB0135 /* closures.cpp */ = {isa = PBXFileReference; fileEncoding = 4; lastKnownFileType = sourcecode.cpp.cpp; name = closures.cpp; path = ../src/closures.cpp; sourceTree = "<group>"; };
		A1AA2B231671B21900CB0135 /* closures.h */ = {isa = PBXFileReference; fileEncoding = 4; lastKnownFileType = sourcecode.c.h; name = closures.h; path = ../src/closures.h; sourceTree = "<group>"; };
		A1AA2B241671B21900CB0135 /* code_iterators.cpp */ = {isa = PBXFileReference; fileEncoding = 4; lastKnownFileType = sourcecode.cpp.cpp; name = code_iterators.cpp; path = ../src/code_iterators.cpp; sourceTree = "<group>"; };
		A1AA2B251671B21900CB0135 /* code_iterators.h */ = {isa = PBXFileReference; fileEncoding = 4; lastKnownFileType = sourcecode.c.h; name = code_iterators.h; path = ../src/code_iterators.h; sourceTree = "<group>"; };
		A1AA2B261671B21900CB0135 /* codegen.cpp */ = {isa = PBXFileReference; fileEncoding = 4; lastKnownFileType = sourcecode.cpp.cpp; name = codegen.cpp; path = ../src/codegen.cpp; sourceTree = "<group>"; };
		A1AA2B271671B21900CB0135 /* codegen.h */ = {isa = PBXFileReference; fileEncoding = 4; lastKnownFileType = sourcecode.c.h; name = codegen.h; path = ../src/codegen.h; sourceTree = "<group>"; };
		A1AA2B291671B21900CB0135 /* build_tool.cpp */ = {isa = PBXFileReference; fileEncoding = 4; lastKnownFileType = sourcecode.cpp.cpp; path = build_tool.cpp; sourceTree = "<group>"; };
		A1AA2B2A1671B21900CB0135 /* build_tool.h */ = {isa = PBXFileReference; fileEncoding = 4; lastKnownFileType = sourcecode.c.h; path = build_tool.h; sourceTree = "<group>"; };
		A1AA2B2B1671B21900CB0135 /* command_line.cpp */ = {isa = PBXFileReference; fileEncoding = 4; lastKnownFileType = sourcecode.cpp.cpp; path = command_line.cpp; sourceTree = "<group>"; };
		A1AA2B2C1671B21900CB0135 /* command_line.h */ = {isa = PBXFileReference; fileEncoding = 4; lastKnownFileType = sourcecode.c.h; path = command_line.h; sourceTree = "<group>"; };
		A1AA2B2E1671B21900CB0135 /* debugger_repl.cpp */ = {isa = PBXFileReference; fileEncoding = 4; lastKnownFileType = sourcecode.cpp.cpp; path = debugger_repl.cpp; sourceTree = "<group>"; };
		A1AA2B2F1671B21900CB0135 /* debugger_repl.h */ = {isa = PBXFileReference; fileEncoding = 4; lastKnownFileType = sourcecode.c.h; path = debugger_repl.h; sourceTree = "<group>"; };
		A1AA2B301671B21900CB0135 /* exporting_parser.cpp */ = {isa = PBXFileReference; fileEncoding = 4; lastKnownFileType = sourcecode.cpp.cpp; path = exporting_parser.cpp; sourceTree = "<group>"; };
		A1AA2B311671B21900CB0135 /* exporting_parser.h */ = {isa = PBXFileReference; fileEncoding = 4; lastKnownFileType = sourcecode.c.h; path = exporting_parser.h; sourceTree = "<group>"; };
		A1AA2B321671B21900CB0135 /* file_checker.cpp */ = {isa = PBXFileReference; fileEncoding = 4; lastKnownFileType = sourcecode.cpp.cpp; path = file_checker.cpp; sourceTree = "<group>"; };
		A1AA2B331671B21900CB0135 /* file_checker.h */ = {isa = PBXFileReference; fileEncoding = 4; lastKnownFileType = sourcecode.c.h; path = file_checker.h; sourceTree = "<group>"; };
		A1AA2B341671B21900CB0135 /* generate_cpp.cpp */ = {isa = PBXFileReference; fileEncoding = 4; lastKnownFileType = sourcecode.cpp.cpp; path = generate_cpp.cpp; sourceTree = "<group>"; };
		A1AA2B351671B21900CB0135 /* generate_cpp.h */ = {isa = PBXFileReference; fileEncoding = 4; lastKnownFileType = sourcecode.c.h; path = generate_cpp.h; sourceTree = "<group>"; };
		A1AA2B371671B21900CB0135 /* common_headers.h */ = {isa = PBXFileReference; fileEncoding = 4; lastKnownFileType = sourcecode.c.h; name = common_headers.h; path = ../src/common_headers.h; sourceTree = "<group>"; };
		A1AA2B381671B21900CB0135 /* control_flow.cpp */ = {isa = PBXFileReference; fileEncoding = 4; lastKnownFileType = sourcecode.cpp.cpp; name = control_flow.cpp; path = ../src/control_flow.cpp; sourceTree = "<group>"; };
		A1AA2B391671B21900CB0135 /* control_flow.h */ = {isa = PBXFileReference; fileEncoding = 4; lastKnownFileType = sourcecode.c.h; name = control_flow.h; path = ../src/control_flow.h; sourceTree = "<group>"; };
		A1AA2B3A1671B21900CB0135 /* debug.cpp */ = {isa = PBXFileReference; fileEncoding = 4; lastKnownFileType = sourcecode.cpp.cpp; name = debug.cpp; path = ../src/debug.cpp; sourceTree = "<group>"; };
		A1AA2B3B1671B21900CB0135 /* debug.h */ = {isa = PBXFileReference; fileEncoding = 4; lastKnownFileType = sourcecode.c.h; name = debug.h; path = ../src/debug.h; sourceTree = "<group>"; };
		A1AA2B3C1671B21900CB0135 /* dict.cpp */ = {isa = PBXFileReference; fileEncoding = 4; lastKnownFileType = sourcecode.cpp.cpp; name = dict.cpp; path = ../src/dict.cpp; sourceTree = "<group>"; };
		A1AA2B3D1671B21900CB0135 /* dict.h */ = {isa = PBXFileReference; fileEncoding = 4; lastKnownFileType = sourcecode.c.h; name = dict.h; path = ../src/dict.h; sourceTree = "<group>"; };
		A1AA2B3E1671B21900CB0135 /* dll_loading.cpp */ = {isa = PBXFileReference; fileEncoding = 4; lastKnownFileType = sourcecode.cpp.cpp; name = dll_loading.cpp; path = ../src/dll_loading.cpp; sourceTree = "<group>"; };
		A1AA2B3F1671B21900CB0135 /* dll_loading.h */ = {isa = PBXFileReference; fileEncoding = 4; lastKnownFileType = sourcecode.c.h; name = dll_loading.h; path = ../src/dll_loading.h; sourceTree = "<group>"; };
		A1AA2B401671B21900CB0135 /* evaluation.cpp */ = {isa = PBXFileReference; fileEncoding = 4; lastKnownFileType = sourcecode.cpp.cpp; name = evaluation.cpp; path = ../src/evaluation.cpp; sourceTree = "<group>"; };
		A1AA2B411671B21900CB0135 /* evaluation.h */ = {isa = PBXFileReference; fileEncoding = 4; lastKnownFileType = sourcecode.c.h; name = evaluation.h; path = ../src/evaluation.h; sourceTree = "<group>"; };
		A1AA2B421671B21900CB0135 /* fakefs.cpp */ = {isa = PBXFileReference; fileEncoding = 4; lastKnownFileType = sourcecode.cpp.cpp; name = fakefs.cpp; path = ../src/fakefs.cpp; sourceTree = "<group>"; };
		A1AA2B431671B21900CB0135 /* fakefs.h */ = {isa = PBXFileReference; fileEncoding = 4; lastKnownFileType = sourcecode.c.h; name = fakefs.h; path = ../src/fakefs.h; sourceTree = "<group>"; };
		A1AA2B441671B21900CB0135 /* feedback.cpp */ = {isa = PBXFileReference; fileEncoding = 4; lastKnownFileType = sourcecode.cpp.cpp; name = feedback.cpp; path = ../src/feedback.cpp; sourceTree = "<group>"; };
		A1AA2B451671B21900CB0135 /* feedback.h */ = {isa = PBXFileReference; fileEncoding = 4; lastKnownFileType = sourcecode.c.h; name = feedback.h; path = ../src/feedback.h; sourceTree = "<group>"; };
		A1AA2B461671B21900CB0135 /* file_watch.cpp */ = {isa = PBXFileReference; fileEncoding = 4; lastKnownFileType = sourcecode.cpp.cpp; name = file_watch.cpp; path = ../src/file_watch.cpp; sourceTree = "<group>"; };
		A1AA2B471671B21900CB0135 /* file_watch.h */ = {isa = PBXFileReference; fileEncoding = 4; lastKnownFileType = sourcecode.c.h; name = file_watch.h; path = ../src/file_watch.h; sourceTree = "<group>"; };
		A1AA2B481671B21900CB0135 /* file.cpp */ = {isa = PBXFileReference; fileEncoding = 4; lastKnownFileType = sourcecode.cpp.cpp; name = file.cpp; path = ../src/file.cpp; sourceTree = "<group>"; };
		A1AA2B491671B21900CB0135 /* file.h */ = {isa = PBXFileReference; fileEncoding = 4; lastKnownFileType = sourcecode.c.h; name = file.h; path = ../src/file.h; sourceTree = "<group>"; };
		A1AA2B4A1671B21900CB0135 /* function.cpp */ = {isa = PBXFileReference; fileEncoding = 4; lastKnownFileType = sourcecode.cpp.cpp; name = function.cpp; path = ../src/function.cpp; sourceTree = "<group>"; };
		A1AA2B4B1671B21900CB0135 /* function.h */ = {isa = PBXFileReference; fileEncoding = 4; lastKnownFileType = sourcecode.c.h; name = function.h; path = ../src/function.h; sourceTree = "<group>"; };
		A1AA2B4D1671B21900CB0135 /* abs.cpp */ = {isa = PBXFileReference; fileEncoding = 4; lastKnownFileType = sourcecode.cpp.cpp; path = abs.cpp; sourceTree = "<group>"; };
		A1AA2B4E1671B21900CB0135 /* add.cpp */ = {isa = PBXFileReference; fileEncoding = 4; lastKnownFileType = sourcecode.cpp.cpp; path = add.cpp; sourceTree = "<group>"; };
		A1AA2B4F1671B21900CB0135 /* any_true.cpp */ = {isa = PBXFileReference; fileEncoding = 4; lastKnownFileType = sourcecode.cpp.cpp; path = any_true.cpp; sourceTree = "<group>"; };
		A1AA2B501671B21900CB0135 /* block.cpp */ = {isa = PBXFileReference; fileEncoding = 4; lastKnownFileType = sourcecode.cpp.cpp; path = block.cpp; sourceTree = "<group>"; };
		A1AA2B511671B21900CB0135 /* cast.cpp */ = {isa = PBXFileReference; fileEncoding = 4; lastKnownFileType = sourcecode.cpp.cpp; path = cast.cpp; sourceTree = "<group>"; };
		A1AA2B521671B21900CB0135 /* comment.cpp */ = {isa = PBXFileReference; fileEncoding = 4; lastKnownFileType = sourcecode.cpp.cpp; path = comment.cpp; sourceTree = "<group>"; };
		A1AA2B531671B21900CB0135 /* comparison.cpp */ = {isa = PBXFileReference; fileEncoding = 4; lastKnownFileType = sourcecode.cpp.cpp; path = comparison.cpp; sourceTree = "<group>"; };
		A1AA2B541671B21900CB0135 /* concat.cpp */ = {isa = PBXFileReference; fileEncoding = 4; lastKnownFileType = sourcecode.cpp.cpp; path = concat.cpp; sourceTree = "<group>"; };
		A1AA2B551671B21900CB0135 /* cond.cpp */ = {isa = PBXFileReference; fileEncoding = 4; lastKnownFileType = sourcecode.cpp.cpp; path = cond.cpp; sourceTree = "<group>"; };
		A1AA2B561671B21900CB0135 /* container_set.cpp */ = {isa = PBXFileReference; fileEncoding = 4; lastKnownFileType = sourcecode.cpp.cpp; path = container_set.cpp; sourceTree = "<group>"; };
		A1AA2B571671B21900CB0135 /* copy.cpp */ = {isa = PBXFileReference; fileEncoding = 4; lastKnownFileType = sourcecode.cpp.cpp; path = copy.cpp; sourceTree = "<group>"; };
		A1AA2B581671B21900CB0135 /* cppbuild.cpp */ = {isa = PBXFileReference; fileEncoding = 4; lastKnownFileType = sourcecode.cpp.cpp; path = cppbuild.cpp; sourceTree = "<group>"; };
		A1AA2B591671B21900CB0135 /* declared_state.cpp */ = {isa = PBXFileReference; fileEncoding = 4; lastKnownFileType = sourcecode.cpp.cpp; path = declared_state.cpp; sourceTree = "<group>"; };
		A1AA2B5A1671B21900CB0135 /* div.cpp */ = {isa = PBXFileReference; fileEncoding = 4; lastKnownFileType = sourcecode.cpp.cpp; path = div.cpp; sourceTree = "<group>"; };
		A1AA2B5B1671B21900CB0135 /* equals.cpp */ = {isa = PBXFileReference; fileEncoding = 4; lastKnownFileType = sourcecode.cpp.cpp; path = equals.cpp; sourceTree = "<group>"; };
		A1AA2B5C1671B21900CB0135 /* error.cpp */ = {isa = PBXFileReference; fileEncoding = 4; lastKnownFileType = sourcecode.cpp.cpp; path = error.cpp; sourceTree = "<group>"; };
		A1AA2B5D1671B21900CB0135 /* extra_output.cpp */ = {isa = PBXFileReference; fileEncoding = 4; lastKnownFileType = sourcecode.cpp.cpp; path = extra_output.cpp; sourceTree = "<group>"; };
		A1AA2B5E1671B21900CB0135 /* feedback.cpp */ = {isa = PBXFileReference; fileEncoding = 4; lastKnownFileType = sourcecode.cpp.cpp; path = feedback.cpp; sourceTree = "<group>"; };
		A1AA2B5F1671B21900CB0135 /* for.cpp */ = {isa = PBXFileReference; fileEncoding = 4; lastKnownFileType = sourcecode.cpp.cpp; path = for.cpp; sourceTree = "<group>"; };
		A1AA2B601671B21900CB0135 /* get_field.cpp */ = {isa = PBXFileReference; fileEncoding = 4; lastKnownFileType = sourcecode.cpp.cpp; path = get_field.cpp; sourceTree = "<group>"; };
		A1AA2B611671B21900CB0135 /* get_index.cpp */ = {isa = PBXFileReference; fileEncoding = 4; lastKnownFileType = sourcecode.cpp.cpp; path = get_index.cpp; sourceTree = "<group>"; };
		A1AA2B621671B21900CB0135 /* if_block.cpp */ = {isa = PBXFileReference; fileEncoding = 4; lastKnownFileType = sourcecode.cpp.cpp; path = if_block.cpp; sourceTree = "<group>"; };
		A1AA2B631671B21900CB0135 /* implicit_state.cpp */ = {isa = PBXFileReference; fileEncoding = 4; lastKnownFileType = sourcecode.cpp.cpp; path = implicit_state.cpp; sourceTree = "<group>"; };
		A1AA2B641671B21900CB0135 /* include.cpp */ = {isa = PBXFileReference; fileEncoding = 4; lastKnownFileType = sourcecode.cpp.cpp; path = include.cpp; sourceTree = "<group>"; };
		A1AA2B651671B21900CB0135 /* increment.cpp */ = {isa = PBXFileReference; fileEncoding = 4; lastKnownFileType = sourcecode.cpp.cpp; path = increment.cpp; sourceTree = "<group>"; };
		A1AA2B661671B21900CB0135 /* input_explicit.cpp */ = {isa = PBXFileReference; fileEncoding = 4; lastKnownFileType = sourcecode.cpp.cpp; path = input_explicit.cpp; sourceTree = "<group>"; };
		A1AA2B671671B21900CB0135 /* internal_debug.cpp */ = {isa = PBXFileReference; fileEncoding = 4; lastKnownFileType = sourcecode.cpp.cpp; path = internal_debug.cpp; sourceTree = "<group>"; };
		A1AA2B681671B21900CB0135 /* list.cpp */ = {isa = PBXFileReference; fileEncoding = 4; lastKnownFileType = sourcecode.cpp.cpp; path = list.cpp; sourceTree = "<group>"; };
		A1AA2B691671B21900CB0135 /* logical.cpp */ = {isa = PBXFileReference; fileEncoding = 4; lastKnownFileType = sourcecode.cpp.cpp; path = logical.cpp; sourceTree = "<group>"; };
		A1AA2B6A1671B21900CB0135 /* make.cpp */ = {isa = PBXFileReference; fileEncoding = 4; lastKnownFileType = sourcecode.cpp.cpp; path = make.cpp; sourceTree = "<group>"; };
		A1AA2B6B1671B21900CB0135 /* math.cpp */ = {isa = PBXFileReference; fileEncoding = 4; lastKnownFileType = sourcecode.cpp.cpp; path = math.cpp; sourceTree = "<group>"; };
		A1AA2B6C1671B21900CB0135 /* mult.cpp */ = {isa = PBXFileReference; fileEncoding = 4; lastKnownFileType = sourcecode.cpp.cpp; path = mult.cpp; sourceTree = "<group>"; };
		A1AA2B6D1671B21900CB0135 /* namespace.cpp */ = {isa = PBXFileReference; fileEncoding = 4; lastKnownFileType = sourcecode.cpp.cpp; path = namespace.cpp; sourceTree = "<group>"; };
		A1AA2B6E1671B21900CB0135 /* neg.cpp */ = {isa = PBXFileReference; fileEncoding = 4; lastKnownFileType = sourcecode.cpp.cpp; path = neg.cpp; sourceTree = "<group>"; };
		A1AA2B6F1671B21900CB0135 /* print.cpp */ = {isa = PBXFileReference; fileEncoding = 4; lastKnownFileType = sourcecode.cpp.cpp; path = print.cpp; sourceTree = "<group>"; };
		A1AA2B701671B21900CB0135 /* rand.cpp */ = {isa = PBXFileReference; fileEncoding = 4; lastKnownFileType = sourcecode.cpp.cpp; path = rand.cpp; sourceTree = "<group>"; };
		A1AA2B711671B21900CB0135 /* range.cpp */ = {isa = PBXFileReference; fileEncoding = 4; lastKnownFileType = sourcecode.cpp.cpp; path = range.cpp; sourceTree = "<group>"; };
		A1AA2B721671B21900CB0135 /* rpath.cpp */ = {isa = PBXFileReference; fileEncoding = 4; lastKnownFileType = sourcecode.cpp.cpp; path = rpath.cpp; sourceTree = "<group>"; };
		A1AA2B731671B21900CB0135 /* set_field.cpp */ = {isa = PBXFileReference; fileEncoding = 4; lastKnownFileType = sourcecode.cpp.cpp; path = set_field.cpp; sourceTree = "<group>"; };
		A1AA2B741671B21900CB0135 /* set_index.cpp */ = {isa = PBXFileReference; fileEncoding = 4; lastKnownFileType = sourcecode.cpp.cpp; path = set_index.cpp; sourceTree = "<group>"; };
		A1AA2B751671B21900CB0135 /* set_methods.cpp */ = {isa = PBXFileReference; fileEncoding = 4; lastKnownFileType = sourcecode.cpp.cpp; path = set_methods.cpp; sourceTree = "<group>"; };
		A1AA2B761671B21900CB0135 /* set_union.cpp */ = {isa = PBXFileReference; fileEncoding = 4; lastKnownFileType = sourcecode.cpp.cpp; path = set_union.cpp; sourceTree = "<group>"; };
		A1AA2B771671B21900CB0135 /* static_error.cpp */ = {isa = PBXFileReference; fileEncoding = 4; lastKnownFileType = sourcecode.cpp.cpp; path = static_error.cpp; sourceTree = "<group>"; };
		A1AA2B781671B21900CB0135 /* sub.cpp */ = {isa = PBXFileReference; fileEncoding = 4; lastKnownFileType = sourcecode.cpp.cpp; path = sub.cpp; sourceTree = "<group>"; };
		A1AA2B791671B21900CB0135 /* swap.cpp */ = {isa = PBXFileReference; fileEncoding = 4; lastKnownFileType = sourcecode.cpp.cpp; path = swap.cpp; sourceTree = "<group>"; };
		A1AA2B7A1671B21900CB0135 /* switch.cpp */ = {isa = PBXFileReference; fileEncoding = 4; lastKnownFileType = sourcecode.cpp.cpp; path = switch.cpp; sourceTree = "<group>"; };
		A1AA2B7B1671B21900CB0135 /* term_to_source.cpp */ = {isa = PBXFileReference; fileEncoding = 4; lastKnownFileType = sourcecode.cpp.cpp; path = term_to_source.cpp; sourceTree = "<group>"; };
		A1AA2B7C1671B21900CB0135 /* to_string.cpp */ = {isa = PBXFileReference; fileEncoding = 4; lastKnownFileType = sourcecode.cpp.cpp; path = to_string.cpp; sourceTree = "<group>"; };
		A1AA2B7D1671B21900CB0135 /* trig.cpp */ = {isa = PBXFileReference; fileEncoding = 4; lastKnownFileType = sourcecode.cpp.cpp; path = trig.cpp; sourceTree = "<group>"; };
		A1AA2B7E1671B21900CB0135 /* type_check.cpp */ = {isa = PBXFileReference; fileEncoding = 4; lastKnownFileType = sourcecode.cpp.cpp; path = type_check.cpp; sourceTree = "<group>"; };
		A1AA2B7F1671B21900CB0135 /* unique_id.cpp */ = {isa = PBXFileReference; fileEncoding = 4; lastKnownFileType = sourcecode.cpp.cpp; path = unique_id.cpp; sourceTree = "<group>"; };
		A1AA2B801671B21900CB0135 /* unknown_function.cpp */ = {isa = PBXFileReference; fileEncoding = 4; lastKnownFileType = sourcecode.cpp.cpp; path = unknown_function.cpp; sourceTree = "<group>"; };
		A1AA2B811671B21900CB0135 /* unknown_identifier.cpp */ = {isa = PBXFileReference; fileEncoding = 4; lastKnownFileType = sourcecode.cpp.cpp; path = unknown_identifier.cpp; sourceTree = "<group>"; };
		A1AA2B821671B21900CB0135 /* unrecognized_expr.cpp */ = {isa = PBXFileReference; fileEncoding = 4; lastKnownFileType = sourcecode.cpp.cpp; path = unrecognized_expr.cpp; sourceTree = "<group>"; };
		A1AA2B831671B21900CB0135 /* write_text_file.cpp */ = {isa = PBXFileReference; fileEncoding = 4; lastKnownFileType = sourcecode.cpp.cpp; path = write_text_file.cpp; sourceTree = "<group>"; };
		A1AA2B841671B21900CB0135 /* gc.cpp */ = {isa = PBXFileReference; fileEncoding = 4; lastKnownFileType = sourcecode.cpp.cpp; name = gc.cpp; path = ../src/gc.cpp; sourceTree = "<group>"; };
		A1AA2B851671B21900CB0135 /* gc.h */ = {isa = PBXFileReference; fileEncoding = 4; lastKnownFileType = sourcecode.c.h; name = gc.h; path = ../src/gc.h; sourceTree = "<group>"; };
		A1AA2B8A1671B21900CB0135 /* setup_builtin_functions.cpp */ = {isa = PBXFileReference; fileEncoding = 4; lastKnownFileType = sourcecode.cpp.cpp; path = setup_builtin_functions.cpp; sourceTree = "<group>"; };
		A1AA2B8B1671B21900CB0135 /* stdlib_script_text.cpp */ = {isa = PBXFileReference; fileEncoding = 4; lastKnownFileType = sourcecode.cpp.cpp; path = stdlib_script_text.cpp; sourceTree = "<group>"; };
		A1AA2B8C1671B21900CB0135 /* generic.cpp */ = {isa = PBXFileReference; fileEncoding = 4; lastKnownFileType = sourcecode.cpp.cpp; name = generic.cpp; path = ../src/generic.cpp; sourceTree = "<group>"; };
		A1AA2B8D1671B21900CB0135 /* generic.h */ = {isa = PBXFileReference; fileEncoding = 4; lastKnownFileType = sourcecode.c.h; name = generic.h; path = ../src/generic.h; sourceTree = "<group>"; };
		A1AA2B8E1671B21900CB0135 /* handle.cpp */ = {isa = PBXFileReference; fileEncoding = 4; lastKnownFileType = sourcecode.cpp.cpp; name = handle.cpp; path = ../src/handle.cpp; sourceTree = "<group>"; };
		A1AA2B8F1671B21900CB0135 /* handle.h */ = {isa = PBXFileReference; fileEncoding = 4; lastKnownFileType = sourcecode.c.h; name = handle.h; path = ../src/handle.h; sourceTree = "<group>"; };
		A1AA2B901671B21900CB0135 /* hashtable.cpp */ = {isa = PBXFileReference; fileEncoding = 4; lastKnownFileType = sourcecode.cpp.cpp; name = hashtable.cpp; path = ../src/hashtable.cpp; sourceTree = "<group>"; };
		A1AA2B911671B21900CB0135 /* hashtable.h */ = {isa = PBXFileReference; fileEncoding = 4; lastKnownFileType = sourcecode.c.h; name = hashtable.h; path = ../src/hashtable.h; sourceTree = "<group>"; };
		A1AA2B921671B21900CB0135 /* heap_debugging.cpp */ = {isa = PBXFileReference; fileEncoding = 4; lastKnownFileType = sourcecode.cpp.cpp; name = heap_debugging.cpp; path = ../src/heap_debugging.cpp; sourceTree = "<group>"; };
		A1AA2B931671B21900CB0135 /* heap_debugging.h */ = {isa = PBXFileReference; fileEncoding = 4; lastKnownFileType = sourcecode.c.h; name = heap_debugging.h; path = ../src/heap_debugging.h; sourceTree = "<group>"; };
		A1AA2B941671B21900CB0135 /* if_block.cpp */ = {isa = PBXFileReference; fileEncoding = 4; lastKnownFileType = sourcecode.cpp.cpp; name = if_block.cpp; path = ../src/if_block.cpp; sourceTree = "<group>"; };
		A1AA2B951671B21900CB0135 /* if_block.h */ = {isa = PBXFileReference; fileEncoding = 4; lastKnownFileType = sourcecode.c.h; name = if_block.h; path = ../src/if_block.h; sourceTree = "<group>"; };
		A1AA2B961671B21900CB0135 /* importing_macros.h */ = {isa = PBXFileReference; fileEncoding = 4; lastKnownFileType = sourcecode.c.h; name = importing_macros.h; path = ../src/importing_macros.h; sourceTree = "<group>"; };
		A1AA2B971671B21900CB0135 /* importing.cpp */ = {isa = PBXFileReference; fileEncoding = 4; lastKnownFileType = sourcecode.cpp.cpp; name = importing.cpp; path = ../src/importing.cpp; sourceTree = "<group>"; };
		A1AA2B981671B21900CB0135 /* importing.h */ = {isa = PBXFileReference; fileEncoding = 4; lastKnownFileType = sourcecode.c.h; name = importing.h; path = ../src/importing.h; sourceTree = "<group>"; };
		A1AA2B991671B21900CB0135 /* inspection.cpp */ = {isa = PBXFileReference; fileEncoding = 4; lastKnownFileType = sourcecode.cpp.cpp; name = inspection.cpp; path = ../src/inspection.cpp; sourceTree = "<group>"; };
		A1AA2B9A1671B21900CB0135 /* inspection.h */ = {isa = PBXFileReference; fileEncoding = 4; lastKnownFileType = sourcecode.c.h; name = inspection.h; path = ../src/inspection.h; sourceTree = "<group>"; };
		A1AA2B9B1671B21900CB0135 /* kernel.cpp */ = {isa = PBXFileReference; fileEncoding = 4; lastKnownFileType = sourcecode.cpp.cpp; name = kernel.cpp; path = ../src/kernel.cpp; sourceTree = "<group>"; };
		A1AA2B9C1671B21900CB0135 /* kernel.h */ = {isa = PBXFileReference; fileEncoding = 4; lastKnownFileType = sourcecode.c.h; name = kernel.h; path = ../src/kernel.h; sourceTree = "<group>"; };
		A1AA2B9D1671B21900CB0135 /* list.cpp */ = {isa = PBXFileReference; fileEncoding = 4; lastKnownFileType = sourcecode.cpp.cpp; name = list.cpp; path = ../src/list.cpp; sourceTree = "<group>"; };
		A1AA2B9E1671B21900CB0135 /* list.h */ = {isa = PBXFileReference; fileEncoding = 4; lastKnownFileType = sourcecode.c.h; name = list.h; path = ../src/list.h; sourceTree = "<group>"; };
		A1AA2B9F1671B21900CB0135 /* loops.cpp */ = {isa = PBXFileReference; fileEncoding = 4; lastKnownFileType = sourcecode.cpp.cpp; name = loops.cpp; path = ../src/loops.cpp; sourceTree = "<group>"; };
		A1AA2BA01671B21900CB0135 /* loops.h */ = {isa = PBXFileReference; fileEncoding = 4; lastKnownFileType = sourcecode.c.h; name = loops.h; path = ../src/loops.h; sourceTree = "<group>"; };
		A1AA2BA11671B21900CB0135 /* modules.cpp */ = {isa = PBXFileReference; fileEncoding = 4; lastKnownFileType = sourcecode.cpp.cpp; name = modules.cpp; path = ../src/modules.cpp; sourceTree = "<group>"; };
		A1AA2BA21671B21900CB0135 /* modules.h */ = {isa = PBXFileReference; fileEncoding = 4; lastKnownFileType = sourcecode.c.h; name = modules.h; path = ../src/modules.h; sourceTree = "<group>"; };
		A1AA2BA31671B21900CB0135 /* names_builtin.cpp */ = {isa = PBXFileReference; fileEncoding = 4; lastKnownFileType = sourcecode.cpp.cpp; name = names_builtin.cpp; path = ../src/names_builtin.cpp; sourceTree = "<group>"; };
		A1AA2BA41671B21900CB0135 /* names_builtin.h */ = {isa = PBXFileReference; fileEncoding = 4; lastKnownFileType = sourcecode.c.h; name = names_builtin.h; path = ../src/names_builtin.h; sourceTree = "<group>"; };
		A1AA2BA51671B21900CB0135 /* names.cpp */ = {isa = PBXFileReference; fileEncoding = 4; lastKnownFileType = sourcecode.cpp.cpp; name = names.cpp; path = ../src/names.cpp; sourceTree = "<group>"; };
		A1AA2BA61671B21900CB0135 /* names.h */ = {isa = PBXFileReference; fileEncoding = 4; lastKnownFileType = sourcecode.c.h; name = names.h; path = ../src/names.h; sourceTree = "<group>"; };
		A1AA2BA71671B21900CB0135 /* names.txt */ = {isa = PBXFileReference; fileEncoding = 4; lastKnownFileType = text; name = names.txt; path = ../src/names.txt; sourceTree = "<group>"; };
		A1AA2BA81671B21900CB0135 /* native_modules.cpp */ = {isa = PBXFileReference; fileEncoding = 4; lastKnownFileType = sourcecode.cpp.cpp; name = native_modules.cpp; path = ../src/native_modules.cpp; sourceTree = "<group>"; };
		A1AA2BA91671B21900CB0135 /* native_modules.h */ = {isa = PBXFileReference; fileEncoding = 4; lastKnownFileType = sourcecode.c.h; name = native_modules.h; path = ../src/native_modules.h; sourceTree = "<group>"; };
		A1AA2BAA1671B21900CB0135 /* object.cpp */ = {isa = PBXFileReference; fileEncoding = 4; lastKnownFileType = sourcecode.cpp.cpp; name = object.cpp; path = ../src/object.cpp; sourceTree = "<group>"; };
		A1AA2BAB1671B21900CB0135 /* object.h */ = {isa = PBXFileReference; fileEncoding = 4; lastKnownFileType = sourcecode.c.h; name = object.h; path = ../src/object.h; sourceTree = "<group>"; };
		A1AA2BAC1671B21900CB0135 /* parser.cpp */ = {isa = PBXFileReference; fileEncoding = 4; lastKnownFileType = sourcecode.cpp.cpp; name = parser.cpp; path = ../src/parser.cpp; sourceTree = "<group>"; };
		A1AA2BAD1671B21900CB0135 /* parser.h */ = {isa = PBXFileReference; fileEncoding = 4; lastKnownFileType = sourcecode.c.h; name = parser.h; path = ../src/parser.h; sourceTree = "<group>"; };
		A1AA2BAE1671B21900CB0135 /* reflection.cpp */ = {isa = PBXFileReference; fileEncoding = 4; lastKnownFileType = sourcecode.cpp.cpp; name = reflection.cpp; path = ../src/reflection.cpp; sourceTree = "<group>"; };
		A1AA2BAF1671B21900CB0135 /* reflection.h */ = {isa = PBXFileReference; fileEncoding = 4; lastKnownFileType = sourcecode.c.h; name = reflection.h; path = ../src/reflection.h; sourceTree = "<group>"; };
		A1AA2BB01671B21900CB0135 /* selector.cpp */ = {isa = PBXFileReference; fileEncoding = 4; lastKnownFileType = sourcecode.cpp.cpp; name = selector.cpp; path = ../src/selector.cpp; sourceTree = "<group>"; };
		A1AA2BB11671B21900CB0135 /* selector.h */ = {isa = PBXFileReference; fileEncoding = 4; lastKnownFileType = sourcecode.c.h; name = selector.h; path = ../src/selector.h; sourceTree = "<group>"; };
		A1AA2BB21671B21900CB0135 /* source_repro.cpp */ = {isa = PBXFileReference; fileEncoding = 4; lastKnownFileType = sourcecode.cpp.cpp; name = source_repro.cpp; path = ../src/source_repro.cpp; sourceTree = "<group>"; };
		A1AA2BB31671B21900CB0135 /* source_repro.h */ = {isa = PBXFileReference; fileEncoding = 4; lastKnownFileType = sourcecode.c.h; name = source_repro.h; path = ../src/source_repro.h; sourceTree = "<group>"; };
		A1AA2BB41671B21900CB0135 /* stateful_code.cpp */ = {isa = PBXFileReference; fileEncoding = 4; lastKnownFileType = sourcecode.cpp.cpp; name = stateful_code.cpp; path = ../src/stateful_code.cpp; sourceTree = "<group>"; };
		A1AA2BB51671B21900CB0135 /* stateful_code.h */ = {isa = PBXFileReference; fileEncoding = 4; lastKnownFileType = sourcecode.c.h; name = stateful_code.h; path = ../src/stateful_code.h; sourceTree = "<group>"; };
		A1AA2BB61671B21900CB0135 /* static_checking.cpp */ = {isa = PBXFileReference; fileEncoding = 4; lastKnownFileType = sourcecode.cpp.cpp; name = static_checking.cpp; path = ../src/static_checking.cpp; sourceTree = "<group>"; };
		A1AA2BB71671B21900CB0135 /* static_checking.h */ = {isa = PBXFileReference; fileEncoding = 4; lastKnownFileType = sourcecode.c.h; name = static_checking.h; path = ../src/static_checking.h; sourceTree = "<group>"; };
		A1AA2BB91671B21900CB0135 /* str_repr.cpp */ = {isa = PBXFileReference; fileEncoding = 4; lastKnownFileType = sourcecode.cpp.cpp; name = str_repr.cpp; path = ../src/str_repr.cpp; sourceTree = "<group>"; };
		A1AA2BBA1671B21900CB0135 /* string_type.cpp */ = {isa = PBXFileReference; fileEncoding = 4; lastKnownFileType = sourcecode.cpp.cpp; name = string_type.cpp; path = ../src/string_type.cpp; sourceTree = "<group>"; };
		A1AA2BBB1671B21900CB0135 /* string_type.h */ = {isa = PBXFileReference; fileEncoding = 4; lastKnownFileType = sourcecode.c.h; name = string_type.h; path = ../src/string_type.h; sourceTree = "<group>"; };
		A1AA2BBC1671B21900CB0135 /* switch_block.cpp */ = {isa = PBXFileReference; fileEncoding = 4; lastKnownFileType = sourcecode.cpp.cpp; name = switch_block.cpp; path = ../src/switch_block.cpp; sourceTree = "<group>"; };
		A1AA2BBD1671B21900CB0135 /* switch_block.h */ = {isa = PBXFileReference; fileEncoding = 4; lastKnownFileType = sourcecode.c.h; name = switch_block.h; path = ../src/switch_block.h; sourceTree = "<group>"; };
		A1AA2BBE1671B21900CB0135 /* tagged_value.cpp */ = {isa = PBXFileReference; fileEncoding = 4; lastKnownFileType = sourcecode.cpp.cpp; name = tagged_value.cpp; path = ../src/tagged_value.cpp; sourceTree = "<group>"; };
		A1AA2BBF1671B21900CB0135 /* tagged_value.h */ = {isa = PBXFileReference; fileEncoding = 4; lastKnownFileType = sourcecode.c.h; name = tagged_value.h; path = ../src/tagged_value.h; sourceTree = "<group>"; };
		A1AA2BC01671B21900CB0135 /* term_list.cpp */ = {isa = PBXFileReference; fileEncoding = 4; lastKnownFileType = sourcecode.cpp.cpp; name = term_list.cpp; path = ../src/term_list.cpp; sourceTree = "<group>"; };
		A1AA2BC11671B21900CB0135 /* term_list.h */ = {isa = PBXFileReference; fileEncoding = 4; lastKnownFileType = sourcecode.c.h; name = term_list.h; path = ../src/term_list.h; sourceTree = "<group>"; };
		A1AA2BC21671B21900CB0135 /* term_map.h */ = {isa = PBXFileReference; fileEncoding = 4; lastKnownFileType = sourcecode.c.h; name = term_map.h; path = ../src/term_map.h; sourceTree = "<group>"; };
		A1AA2BC31671B21900CB0135 /* term_namespace.cpp */ = {isa = PBXFileReference; fileEncoding = 4; lastKnownFileType = sourcecode.cpp.cpp; name = term_namespace.cpp; path = ../src/term_namespace.cpp; sourceTree = "<group>"; };
		A1AA2BC41671B21900CB0135 /* term_namespace.h */ = {isa = PBXFileReference; fileEncoding = 4; lastKnownFileType = sourcecode.c.h; name = term_namespace.h; path = ../src/term_namespace.h; sourceTree = "<group>"; };
		A1AA2BC51671B21900CB0135 /* term_source_location.h */ = {isa = PBXFileReference; fileEncoding = 4; lastKnownFileType = sourcecode.c.h; name = term_source_location.h; path = ../src/term_source_location.h; sourceTree = "<group>"; };
		A1AA2BC61671B21900CB0135 /* term.cpp */ = {isa = PBXFileReference; fileEncoding = 4; lastKnownFileType = sourcecode.cpp.cpp; name = term.cpp; path = ../src/term.cpp; sourceTree = "<group>"; };
		A1AA2BC71671B21900CB0135 /* term.h */ = {isa = PBXFileReference; fileEncoding = 4; lastKnownFileType = sourcecode.c.h; name = term.h; path = ../src/term.h; sourceTree = "<group>"; };
		A1AA2BC81671B21900CB0135 /* thread.cpp */ = {isa = PBXFileReference; fileEncoding = 4; lastKnownFileType = sourcecode.cpp.cpp; name = thread.cpp; path = ../src/thread.cpp; sourceTree = "<group>"; };
		A1AA2BC91671B21900CB0135 /* token.cpp */ = {isa = PBXFileReference; fileEncoding = 4; lastKnownFileType = sourcecode.cpp.cpp; name = token.cpp; path = ../src/token.cpp; sourceTree = "<group>"; };
		A1AA2BCA1671B21900CB0135 /* token.h */ = {isa = PBXFileReference; fileEncoding = 4; lastKnownFileType = sourcecode.c.h; name = token.h; path = ../src/token.h; sourceTree = "<group>"; };
		A1AA2BCB1671B21900CB0135 /* type_inference.cpp */ = {isa = PBXFileReference; fileEncoding = 4; lastKnownFileType = sourcecode.cpp.cpp; name = type_inference.cpp; path = ../src/type_inference.cpp; sourceTree = "<group>"; };
		A1AA2BCC1671B21900CB0135 /* type_inference.h */ = {isa = PBXFileReference; fileEncoding = 4; lastKnownFileType = sourcecode.c.h; name = type_inference.h; path = ../src/type_inference.h; sourceTree = "<group>"; };
		A1AA2BCD1671B21900CB0135 /* type.cpp */ = {isa = PBXFileReference; fileEncoding = 4; lastKnownFileType = sourcecode.cpp.cpp; name = type.cpp; path = ../src/type.cpp; sourceTree = "<group>"; };
		A1AA2BCE1671B21900CB0135 /* type.h */ = {isa = PBXFileReference; fileEncoding = 4; lastKnownFileType = sourcecode.c.h; name = type.h; path = ../src/type.h; sourceTree = "<group>"; };
		A1AA2BD01671B21900CB0135 /* any.cpp */ = {isa = PBXFileReference; fileEncoding = 4; lastKnownFileType = sourcecode.cpp.cpp; path = any.cpp; sourceTree = "<group>"; };
		A1AA2BD11671B21900CB0135 /* any.h */ = {isa = PBXFileReference; fileEncoding = 4; lastKnownFileType = sourcecode.c.h; path = any.h; sourceTree = "<group>"; };
		A1AA2BD21671B21900CB0135 /* bool.cpp */ = {isa = PBXFileReference; fileEncoding = 4; lastKnownFileType = sourcecode.cpp.cpp; path = bool.cpp; sourceTree = "<group>"; };
		A1AA2BD31671B21900CB0135 /* bool.h */ = {isa = PBXFileReference; fileEncoding = 4; lastKnownFileType = sourcecode.c.h; path = bool.h; sourceTree = "<group>"; };
		A1AA2BD41671B21900CB0135 /* callable.cpp */ = {isa = PBXFileReference; fileEncoding = 4; lastKnownFileType = sourcecode.cpp.cpp; path = callable.cpp; sourceTree = "<group>"; };
		A1AA2BD51671B21900CB0135 /* callable.h */ = {isa = PBXFileReference; fileEncoding = 4; lastKnownFileType = sourcecode.c.h; path = callable.h; sourceTree = "<group>"; };
		A1AA2BD61671B21900CB0135 /* color.cpp */ = {isa = PBXFileReference; fileEncoding = 4; lastKnownFileType = sourcecode.cpp.cpp; path = color.cpp; sourceTree = "<group>"; };
		A1AA2BD71671B21900CB0135 /* color.h */ = {isa = PBXFileReference; fileEncoding = 4; lastKnownFileType = sourcecode.c.h; path = color.h; sourceTree = "<group>"; };
		A1AA2BD81671B21900CB0135 /* common.cpp */ = {isa = PBXFileReference; fileEncoding = 4; lastKnownFileType = sourcecode.cpp.cpp; path = common.cpp; sourceTree = "<group>"; };
		A1AA2BD91671B21900CB0135 /* common.h */ = {isa = PBXFileReference; fileEncoding = 4; lastKnownFileType = sourcecode.c.h; path = common.h; sourceTree = "<group>"; };
		A1AA2BDA1671B21900CB0135 /* eval_context.cpp */ = {isa = PBXFileReference; fileEncoding = 4; lastKnownFileType = sourcecode.cpp.cpp; path = eval_context.cpp; sourceTree = "<group>"; };
		A1AA2BDB1671B21900CB0135 /* eval_context.h */ = {isa = PBXFileReference; fileEncoding = 4; lastKnownFileType = sourcecode.c.h; path = eval_context.h; sourceTree = "<group>"; };
		A1AA2BDC1671B21900CB0135 /* indexable.cpp */ = {isa = PBXFileReference; fileEncoding = 4; lastKnownFileType = sourcecode.cpp.cpp; path = indexable.cpp; sourceTree = "<group>"; };
		A1AA2BDD1671B21900CB0135 /* indexable.h */ = {isa = PBXFileReference; fileEncoding = 4; lastKnownFileType = sourcecode.c.h; path = indexable.h; sourceTree = "<group>"; };
		A1AA2BDE1671B21900CB0135 /* int.cpp */ = {isa = PBXFileReference; fileEncoding = 4; lastKnownFileType = sourcecode.cpp.cpp; path = int.cpp; sourceTree = "<group>"; };
		A1AA2BDF1671B21900CB0135 /* int.h */ = {isa = PBXFileReference; fileEncoding = 4; lastKnownFileType = sourcecode.c.h; path = int.h; sourceTree = "<group>"; };
		A1AA2BE01671B21900CB0135 /* name.cpp */ = {isa = PBXFileReference; fileEncoding = 4; lastKnownFileType = sourcecode.cpp.cpp; path = name.cpp; sourceTree = "<group>"; };
		A1AA2BE11671B21900CB0135 /* name.h */ = {isa = PBXFileReference; fileEncoding = 4; lastKnownFileType = sourcecode.c.h; path = name.h; sourceTree = "<group>"; };
		A1AA2BE21671B21900CB0135 /* null.cpp */ = {isa = PBXFileReference; fileEncoding = 4; lastKnownFileType = sourcecode.cpp.cpp; path = null.cpp; sourceTree = "<group>"; };
		A1AA2BE31671B21900CB0135 /* number.cpp */ = {isa = PBXFileReference; fileEncoding = 4; lastKnownFileType = sourcecode.cpp.cpp; path = number.cpp; sourceTree = "<group>"; };
		A1AA2BE41671B21900CB0135 /* number.h */ = {isa = PBXFileReference; fileEncoding = 4; lastKnownFileType = sourcecode.c.h; path = number.h; sourceTree = "<group>"; };
		A1AA2BE51671B21900CB0135 /* opaque_pointer_t.cpp */ = {isa = PBXFileReference; fileEncoding = 4; lastKnownFileType = sourcecode.cpp.cpp; path = opaque_pointer_t.cpp; sourceTree = "<group>"; };
		A1AA2BE61671B21900CB0135 /* set.cpp */ = {isa = PBXFileReference; fileEncoding = 4; lastKnownFileType = sourcecode.cpp.cpp; path = set.cpp; sourceTree = "<group>"; };
		A1AA2BE71671B21900CB0135 /* set.h */ = {isa = PBXFileReference; fileEncoding = 4; lastKnownFileType = sourcecode.c.h; path = set.h; sourceTree = "<group>"; };
		A1AA2BE81671B21900CB0135 /* void.cpp */ = {isa = PBXFileReference; fileEncoding = 4; lastKnownFileType = sourcecode.cpp.cpp; path = void.cpp; sourceTree = "<group>"; };
		A1AA2BE91671B21900CB0135 /* void.h */ = {isa = PBXFileReference; fileEncoding = 4; lastKnownFileType = sourcecode.c.h; path = void.h; sourceTree = "<group>"; };
		A1AA2BFE1671B21900CB0135 /* update_cascades.cpp */ = {isa = PBXFileReference; fileEncoding = 4; lastKnownFileType = sourcecode.cpp.cpp; name = update_cascades.cpp; path = ../src/update_cascades.cpp; sourceTree = "<group>"; };
		A1AA2BFF1671B21900CB0135 /* update_cascades.h */ = {isa = PBXFileReference; fileEncoding = 4; lastKnownFileType = sourcecode.c.h; name = update_cascades.h; path = ../src/update_cascades.h; sourceTree = "<group>"; };
		A1AA2C001671B21900CB0135 /* value_iterator.h */ = {isa = PBXFileReference; fileEncoding = 4; lastKnownFileType = sourcecode.c.h; name = value_iterator.h; path = ../src/value_iterator.h; sourceTree = "<group>"; };
		A1AA2C011671B21900CB0135 /* weak_ptrs.cpp */ = {isa = PBXFileReference; fileEncoding = 4; lastKnownFileType = sourcecode.cpp.cpp; name = weak_ptrs.cpp; path = ../src/weak_ptrs.cpp; sourceTree = "<group>"; };
		A1AA2C021671B21900CB0135 /* weak_ptrs.h */ = {isa = PBXFileReference; fileEncoding = 4; lastKnownFileType = sourcecode.c.h; name = weak_ptrs.h; path = ../src/weak_ptrs.h; sourceTree = "<group>"; };
		A1AA2C031671B21900CB0135 /* world.cpp */ = {isa = PBXFileReference; fileEncoding = 4; lastKnownFileType = sourcecode.cpp.cpp; name = world.cpp; path = ../src/world.cpp; sourceTree = "<group>"; };
		A1AA2C041671B21900CB0135 /* world.h */ = {isa = PBXFileReference; fileEncoding = 4; lastKnownFileType = sourcecode.c.h; name = world.h; path = ../src/world.h; sourceTree = "<group>"; };
		A1AA2CA716727EF400CB0135 /* BoxUI.ca */ = {isa = PBXFileReference; lastKnownFileType = text; path = BoxUI.ca; sourceTree = "<group>"; };
		A1AA2CA816727EF400CB0135 /* CodeViewer.ca */ = {isa = PBXFileReference; lastKnownFileType = text; path = CodeViewer.ca; sourceTree = "<group>"; };
		A1AA2CA916727EF400CB0135 /* EditorView.ca */ = {isa = PBXFileReference; lastKnownFileType = text; path = EditorView.ca; sourceTree = "<group>"; };
		A1AA2CAA16727EF400CB0135 /* EngineBindings.ca */ = {isa = PBXFileReference; lastKnownFileType = text; path = EngineBindings.ca; sourceTree = "<group>"; };
		A1AA2CAB16727EF400CB0135 /* FPSTracker.ca */ = {isa = PBXFileReference; lastKnownFileType = text; path = FPSTracker.ca; sourceTree = "<group>"; };
		A1AA2CAC16727EF400CB0135 /* InputEvent.ca */ = {isa = PBXFileReference; lastKnownFileType = text; path = InputEvent.ca; sourceTree = "<group>"; };
		A1AA2CAD16727EF400CB0135 /* IntroScreen.ca */ = {isa = PBXFileReference; lastKnownFileType = text; path = IntroScreen.ca; sourceTree = "<group>"; };
		A1AA2CAE16727EF400CB0135 /* Layout.ca */ = {isa = PBXFileReference; lastKnownFileType = text; path = Layout.ca; sourceTree = "<group>"; };
		A1AA2CAF16727EF400CB0135 /* Layout_test.ca */ = {isa = PBXFileReference; lastKnownFileType = text; path = Layout_test.ca; sourceTree = "<group>"; };
		A1AA2CB016727EF400CB0135 /* Main.ca */ = {isa = PBXFileReference; lastKnownFileType = text; path = Main.ca; sourceTree = "<group>"; };
		A1AA2CB116727EF400CB0135 /* PopupMenu.ca */ = {isa = PBXFileReference; lastKnownFileType = text; path = PopupMenu.ca; sourceTree = "<group>"; };
		A1AA2CB216727EF400CB0135 /* ScriptView.ca */ = {isa = PBXFileReference; lastKnownFileType = text; path = ScriptView.ca; sourceTree = "<group>"; };
		A1AA2CB316727EF400CB0135 /* UIHelper.ca */ = {isa = PBXFileReference; lastKnownFileType = text; path = UIHelper.ca; sourceTree = "<group>"; };
		A1AA2CB416727EF400CB0135 /* UserApi.ca */ = {isa = PBXFileReference; lastKnownFileType = text; path = UserApi.ca; sourceTree = "<group>"; };
		A1BAC78B16719A470048831B /* improv */ = {isa = PBXFileReference; explicitFileType = "compiled.mach-o.executable"; includeInIndex = 0; path = improv; sourceTree = BUILT_PRODUCTS_DIR; };
		A1E52D45167F7D2A00D41B7D /* SDLMain.cpp */ = {isa = PBXFileReference; fileEncoding = 4; lastKnownFileType = sourcecode.cpp.cpp; name = SDLMain.cpp; path = src/SDLMain.cpp; sourceTree = SOURCE_ROOT; };
		A1E52D48167F7D9400D41B7D /* repl.cpp */ = {isa = PBXFileReference; fileEncoding = 4; lastKnownFileType = sourcecode.cpp.cpp; name = repl.cpp; path = ../src/repl.cpp; sourceTree = "<group>"; };
		A1E52D49167F7D9400D41B7D /* repl.h */ = {isa = PBXFileReference; fileEncoding = 4; lastKnownFileType = sourcecode.c.h; name = repl.h; path = ../src/repl.h; sourceTree = "<group>"; };
		A1F3B0F216719BEC002202FA /* Common.cpp */ = {isa = PBXFileReference; fileEncoding = 4; lastKnownFileType = sourcecode.cpp.cpp; name = Common.cpp; path = src/Common.cpp; sourceTree = SOURCE_ROOT; };
		A1F3B0F316719BEC002202FA /* Common.h */ = {isa = PBXFileReference; fileEncoding = 4; lastKnownFileType = sourcecode.c.h; name = Common.h; path = src/Common.h; sourceTree = SOURCE_ROOT; };
		A1F3B0F416719BEC002202FA /* FontBitmap.cpp */ = {isa = PBXFileReference; fileEncoding = 4; lastKnownFileType = sourcecode.cpp.cpp; name = FontBitmap.cpp; path = src/FontBitmap.cpp; sourceTree = SOURCE_ROOT; };
		A1F3B0F516719BEC002202FA /* FontBitmap.h */ = {isa = PBXFileReference; fileEncoding = 4; lastKnownFileType = sourcecode.c.h; name = FontBitmap.h; path = src/FontBitmap.h; sourceTree = SOURCE_ROOT; };
		A1F3B0FA16719BEC002202FA /* RenderBuffer.h */ = {isa = PBXFileReference; fileEncoding = 4; lastKnownFileType = sourcecode.c.h; name = RenderBuffer.h; path = src/RenderBuffer.h; sourceTree = SOURCE_ROOT; };
		A1F3B0FB16719BEC002202FA /* RenderEntity.h */ = {isa = PBXFileReference; fileEncoding = 4; lastKnownFileType = sourcecode.c.h; name = RenderEntity.h; path = src/RenderEntity.h; sourceTree = SOURCE_ROOT; };
		A1F3B0FC16719BEC002202FA /* RenderTarget.cpp */ = {isa = PBXFileReference; fileEncoding = 4; lastKnownFileType = sourcecode.cpp.cpp; name = RenderTarget.cpp; path = src/RenderTarget.cpp; sourceTree = SOURCE_ROOT; };
		A1F3B0FD16719BEC002202FA /* RenderTarget.h */ = {isa = PBXFileReference; fileEncoding = 4; lastKnownFileType = sourcecode.c.h; name = RenderTarget.h; path = src/RenderTarget.h; sourceTree = SOURCE_ROOT; };
		A1F3B0FE16719BEC002202FA /* ResourceManager.cpp */ = {isa = PBXFileReference; fileEncoding = 4; lastKnownFileType = sourcecode.cpp.cpp; name = ResourceManager.cpp; path = src/ResourceManager.cpp; sourceTree = SOURCE_ROOT; };
		A1F3B0FF16719BEC002202FA /* ResourceManager.h */ = {isa = PBXFileReference; fileEncoding = 4; lastKnownFileType = sourcecode.c.h; name = ResourceManager.h; path = src/ResourceManager.h; sourceTree = SOURCE_ROOT; };
		A1F3B10216719BEC002202FA /* ShaderUtils.cpp */ = {isa = PBXFileReference; fileEncoding = 4; lastKnownFileType = sourcecode.cpp.cpp; name = ShaderUtils.cpp; path = src/ShaderUtils.cpp; sourceTree = SOURCE_ROOT; };
		A1F3B10316719BEC002202FA /* ShaderUtils.h */ = {isa = PBXFileReference; fileEncoding = 4; lastKnownFileType = sourcecode.c.h; name = ShaderUtils.h; path = src/ShaderUtils.h; sourceTree = SOURCE_ROOT; };
		A1F3B10416719BEC002202FA /* TextTexture.cpp */ = {isa = PBXFileReference; fileEncoding = 4; lastKnownFileType = sourcecode.cpp.cpp; name = TextTexture.cpp; path = src/TextTexture.cpp; sourceTree = SOURCE_ROOT; };
		A1F3B10516719BEC002202FA /* TextTexture.h */ = {isa = PBXFileReference; fileEncoding = 4; lastKnownFileType = sourcecode.c.h; name = TextTexture.h; path = src/TextTexture.h; sourceTree = SOURCE_ROOT; };
		A1F3B10616719BEC002202FA /* Texture.cpp */ = {isa = PBXFileReference; fileEncoding = 4; lastKnownFileType = sourcecode.cpp.cpp; name = Texture.cpp; path = src/Texture.cpp; sourceTree = SOURCE_ROOT; };
		A1F3B10716719BEC002202FA /* Texture.h */ = {isa = PBXFileReference; fileEncoding = 4; lastKnownFileType = sourcecode.c.h; name = Texture.h; path = src/Texture.h; sourceTree = SOURCE_ROOT; };
		A1F3B10816719BEC002202FA /* triangulate.cpp */ = {isa = PBXFileReference; fileEncoding = 4; lastKnownFileType = sourcecode.cpp.cpp; name = triangulate.cpp; path = src/triangulate.cpp; sourceTree = SOURCE_ROOT; };
		A1F3B10916719BEC002202FA /* triangulate.h */ = {isa = PBXFileReference; fileEncoding = 4; lastKnownFileType = sourcecode.c.h; name = triangulate.h; path = src/triangulate.h; sourceTree = SOURCE_ROOT; };
		A1F3B11816719F91002202FA /* SDL.framework */ = {isa = PBXFileReference; lastKnownFileType = wrapper.framework; name = SDL.framework; path = deps/SDL.framework; sourceTree = "<group>"; };
/* End PBXFileReference section */

/* Begin PBXFrameworksBuildPhase section */
		A1BAC78816719A460048831B /* Frameworks */ = {
			isa = PBXFrameworksBuildPhase;
			buildActionMask = 2147483647;
			files = (
				A1F3B11916719F91002202FA /* SDL.framework in Frameworks */,
				A1AA2B0F1671B06800CB0135 /* FreeType.framework in Frameworks */,
				A1AA2B111671B13600CB0135 /* OpenGL.framework in Frameworks */,
				2E1AA23A1672ACAB006A8DBF /* Cocoa.framework in Frameworks */,
			);
			runOnlyForDeploymentPostprocessing = 0;
		};
/* End PBXFrameworksBuildPhase section */

/* Begin PBXGroup section */
		A1AA2B141671B1E600CB0135 /* circa */ = {
			isa = PBXGroup;
			children = (
				A1E52D48167F7D9400D41B7D /* repl.cpp */,
				A1E52D49167F7D9400D41B7D /* repl.h */,
				A1AA2B151671B21900CB0135 /* block.cpp */,
				A1AA2B161671B21900CB0135 /* block.h */,
				A1AA2B171671B21900CB0135 /* building.cpp */,
				A1AA2B181671B21900CB0135 /* building.h */,
				A1AA2B191671B21900CB0135 /* c_api.cpp */,
				A1AA2B1A1671B21900CB0135 /* ca */,
				A1AA2B221671B21900CB0135 /* closures.cpp */,
				A1AA2B231671B21900CB0135 /* closures.h */,
				A1AA2B241671B21900CB0135 /* code_iterators.cpp */,
				A1AA2B251671B21900CB0135 /* code_iterators.h */,
				A1AA2B261671B21900CB0135 /* codegen.cpp */,
				A1AA2B271671B21900CB0135 /* codegen.h */,
				A1AA2B281671B21900CB0135 /* command_line */,
				A1AA2B371671B21900CB0135 /* common_headers.h */,
				A1AA2B381671B21900CB0135 /* control_flow.cpp */,
				A1AA2B391671B21900CB0135 /* control_flow.h */,
				A1AA2B3A1671B21900CB0135 /* debug.cpp */,
				A1AA2B3B1671B21900CB0135 /* debug.h */,
				A1AA2B3C1671B21900CB0135 /* dict.cpp */,
				A1AA2B3D1671B21900CB0135 /* dict.h */,
				A1AA2B3E1671B21900CB0135 /* dll_loading.cpp */,
				A1AA2B3F1671B21900CB0135 /* dll_loading.h */,
				A1AA2B401671B21900CB0135 /* evaluation.cpp */,
				A1AA2B411671B21900CB0135 /* evaluation.h */,
				A1AA2B421671B21900CB0135 /* fakefs.cpp */,
				A1AA2B431671B21900CB0135 /* fakefs.h */,
				A1AA2B441671B21900CB0135 /* feedback.cpp */,
				A1AA2B451671B21900CB0135 /* feedback.h */,
				A1AA2B461671B21900CB0135 /* file_watch.cpp */,
				A1AA2B471671B21900CB0135 /* file_watch.h */,
				A1AA2B481671B21900CB0135 /* file.cpp */,
				A1AA2B491671B21900CB0135 /* file.h */,
				A1AA2B4A1671B21900CB0135 /* function.cpp */,
				A1AA2B4B1671B21900CB0135 /* function.h */,
				A1AA2B4C1671B21900CB0135 /* functions */,
				A1AA2B841671B21900CB0135 /* gc.cpp */,
				A1AA2B851671B21900CB0135 /* gc.h */,
				A1AA2B861671B21900CB0135 /* generated */,
				A1AA2B8C1671B21900CB0135 /* generic.cpp */,
				A1AA2B8D1671B21900CB0135 /* generic.h */,
				A1AA2B8E1671B21900CB0135 /* handle.cpp */,
				A1AA2B8F1671B21900CB0135 /* handle.h */,
				A1AA2B901671B21900CB0135 /* hashtable.cpp */,
				A1AA2B911671B21900CB0135 /* hashtable.h */,
				A1AA2B921671B21900CB0135 /* heap_debugging.cpp */,
				A1AA2B931671B21900CB0135 /* heap_debugging.h */,
				A1AA2B941671B21900CB0135 /* if_block.cpp */,
				A1AA2B951671B21900CB0135 /* if_block.h */,
				A1AA2B961671B21900CB0135 /* importing_macros.h */,
				A1AA2B971671B21900CB0135 /* importing.cpp */,
				A1AA2B981671B21900CB0135 /* importing.h */,
				A1AA2B991671B21900CB0135 /* inspection.cpp */,
				A1AA2B9A1671B21900CB0135 /* inspection.h */,
				A1AA2B9B1671B21900CB0135 /* kernel.cpp */,
				A1AA2B9C1671B21900CB0135 /* kernel.h */,
				A1AA2B9D1671B21900CB0135 /* list.cpp */,
				A1AA2B9E1671B21900CB0135 /* list.h */,
				A1AA2B9F1671B21900CB0135 /* loops.cpp */,
				A1AA2BA01671B21900CB0135 /* loops.h */,
				A1AA2BA11671B21900CB0135 /* modules.cpp */,
				A1AA2BA21671B21900CB0135 /* modules.h */,
				A1AA2BA31671B21900CB0135 /* names_builtin.cpp */,
				A1AA2BA41671B21900CB0135 /* names_builtin.h */,
				A1AA2BA51671B21900CB0135 /* names.cpp */,
				A1AA2BA61671B21900CB0135 /* names.h */,
				A1AA2BA71671B21900CB0135 /* names.txt */,
				A1AA2BA81671B21900CB0135 /* native_modules.cpp */,
				A1AA2BA91671B21900CB0135 /* native_modules.h */,
				A1AA2BAA1671B21900CB0135 /* object.cpp */,
				A1AA2BAB1671B21900CB0135 /* object.h */,
				A1AA2BAC1671B21900CB0135 /* parser.cpp */,
				A1AA2BAD1671B21900CB0135 /* parser.h */,
				A1AA2BAE1671B21900CB0135 /* reflection.cpp */,
				A1AA2BAF1671B21900CB0135 /* reflection.h */,
				A1AA2BB01671B21900CB0135 /* selector.cpp */,
				A1AA2BB11671B21900CB0135 /* selector.h */,
				A1AA2BB21671B21900CB0135 /* source_repro.cpp */,
				A1AA2BB31671B21900CB0135 /* source_repro.h */,
				A1AA2BB41671B21900CB0135 /* stateful_code.cpp */,
				A1AA2BB51671B21900CB0135 /* stateful_code.h */,
				A1AA2BB61671B21900CB0135 /* static_checking.cpp */,
				A1AA2BB71671B21900CB0135 /* static_checking.h */,
				A1AA2BB91671B21900CB0135 /* str_repr.cpp */,
				A1AA2BBA1671B21900CB0135 /* string_type.cpp */,
				A1AA2BBB1671B21900CB0135 /* string_type.h */,
				A1AA2BBC1671B21900CB0135 /* switch_block.cpp */,
				A1AA2BBD1671B21900CB0135 /* switch_block.h */,
				A1AA2BBE1671B21900CB0135 /* tagged_value.cpp */,
				A1AA2BBF1671B21900CB0135 /* tagged_value.h */,
				A1AA2BC01671B21900CB0135 /* term_list.cpp */,
				A1AA2BC11671B21900CB0135 /* term_list.h */,
				A1AA2BC21671B21900CB0135 /* term_map.h */,
				A1AA2BC31671B21900CB0135 /* term_namespace.cpp */,
				A1AA2BC41671B21900CB0135 /* term_namespace.h */,
				A1AA2BC51671B21900CB0135 /* term_source_location.h */,
				A1AA2BC61671B21900CB0135 /* term.cpp */,
				A1AA2BC71671B21900CB0135 /* term.h */,
				A1AA2BC81671B21900CB0135 /* thread.cpp */,
				A1AA2BC91671B21900CB0135 /* token.cpp */,
				A1AA2BCA1671B21900CB0135 /* token.h */,
				A1AA2BCB1671B21900CB0135 /* type_inference.cpp */,
				A1AA2BCC1671B21900CB0135 /* type_inference.h */,
				A1AA2BCD1671B21900CB0135 /* type.cpp */,
				A1AA2BCE1671B21900CB0135 /* type.h */,
				A1AA2BCF1671B21900CB0135 /* types */,
				A1AA2BFE1671B21900CB0135 /* update_cascades.cpp */,
				A1AA2BFF1671B21900CB0135 /* update_cascades.h */,
				A1AA2C001671B21900CB0135 /* value_iterator.h */,
				A1AA2C011671B21900CB0135 /* weak_ptrs.cpp */,
				A1AA2C021671B21900CB0135 /* weak_ptrs.h */,
				A1AA2C031671B21900CB0135 /* world.cpp */,
				A1AA2C041671B21900CB0135 /* world.h */,
			);
			name = circa;
			sourceTree = "<group>";
		};
		A1AA2B1A1671B21900CB0135 /* ca */ = {
			isa = PBXGroup;
			children = (
				A1AA2B1B1671B21900CB0135 /* bytecode_generated.ca */,
				A1AA2B1C1671B21900CB0135 /* cpp_codegen.ca */,
				A1AA2B1D1671B21900CB0135 /* DumpDocs.ca */,
				A1AA2B1E1671B21900CB0135 /* Feedback.ca */,
				A1AA2B1F1671B21900CB0135 /* FeedbackTest.ca */,
				A1AA2B201671B21900CB0135 /* GenBindingsCpp.ca */,
				A1AA2B211671B21900CB0135 /* stdlib.ca */,
			);
			name = ca;
			path = ../src/ca;
			sourceTree = "<group>";
		};
		A1AA2B281671B21900CB0135 /* command_line */ = {
			isa = PBXGroup;
			children = (
				A1AA2B291671B21900CB0135 /* build_tool.cpp */,
				A1AA2B2A1671B21900CB0135 /* build_tool.h */,
				A1AA2B2B1671B21900CB0135 /* command_line.cpp */,
				A1AA2B2C1671B21900CB0135 /* command_line.h */,
				A1AA2B2E1671B21900CB0135 /* debugger_repl.cpp */,
				A1AA2B2F1671B21900CB0135 /* debugger_repl.h */,
				A1AA2B301671B21900CB0135 /* exporting_parser.cpp */,
				A1AA2B311671B21900CB0135 /* exporting_parser.h */,
				A1AA2B321671B21900CB0135 /* file_checker.cpp */,
				A1AA2B331671B21900CB0135 /* file_checker.h */,
				A1AA2B341671B21900CB0135 /* generate_cpp.cpp */,
				A1AA2B351671B21900CB0135 /* generate_cpp.h */,
			);
			name = command_line;
			path = ../src/command_line;
			sourceTree = "<group>";
		};
		A1AA2B4C1671B21900CB0135 /* functions */ = {
			isa = PBXGroup;
			children = (
				A1AA2B4D1671B21900CB0135 /* abs.cpp */,
				A1AA2B4E1671B21900CB0135 /* add.cpp */,
				A1AA2B4F1671B21900CB0135 /* any_true.cpp */,
				A1AA2B501671B21900CB0135 /* block.cpp */,
				A1AA2B511671B21900CB0135 /* cast.cpp */,
				A1AA2B521671B21900CB0135 /* comment.cpp */,
				A1AA2B531671B21900CB0135 /* comparison.cpp */,
				A1AA2B541671B21900CB0135 /* concat.cpp */,
				A1AA2B551671B21900CB0135 /* cond.cpp */,
				A1AA2B561671B21900CB0135 /* container_set.cpp */,
				A1AA2B571671B21900CB0135 /* copy.cpp */,
				A1AA2B581671B21900CB0135 /* cppbuild.cpp */,
				A1AA2B591671B21900CB0135 /* declared_state.cpp */,
				A1AA2B5A1671B21900CB0135 /* div.cpp */,
				A1AA2B5B1671B21900CB0135 /* equals.cpp */,
				A1AA2B5C1671B21900CB0135 /* error.cpp */,
				A1AA2B5D1671B21900CB0135 /* extra_output.cpp */,
				A1AA2B5E1671B21900CB0135 /* feedback.cpp */,
				A1AA2B5F1671B21900CB0135 /* for.cpp */,
				A1AA2B601671B21900CB0135 /* get_field.cpp */,
				A1AA2B611671B21900CB0135 /* get_index.cpp */,
				A1AA2B621671B21900CB0135 /* if_block.cpp */,
				A1AA2B631671B21900CB0135 /* implicit_state.cpp */,
				A1AA2B641671B21900CB0135 /* include.cpp */,
				A1AA2B651671B21900CB0135 /* increment.cpp */,
				A1AA2B661671B21900CB0135 /* input_explicit.cpp */,
				A1AA2B671671B21900CB0135 /* internal_debug.cpp */,
				A1AA2B681671B21900CB0135 /* list.cpp */,
				A1AA2B691671B21900CB0135 /* logical.cpp */,
				A1AA2B6A1671B21900CB0135 /* make.cpp */,
				A1AA2B6B1671B21900CB0135 /* math.cpp */,
				A1AA2B6C1671B21900CB0135 /* mult.cpp */,
				A1AA2B6D1671B21900CB0135 /* namespace.cpp */,
				A1AA2B6E1671B21900CB0135 /* neg.cpp */,
				A1AA2B6F1671B21900CB0135 /* print.cpp */,
				A1AA2B701671B21900CB0135 /* rand.cpp */,
				A1AA2B711671B21900CB0135 /* range.cpp */,
				A1AA2B721671B21900CB0135 /* rpath.cpp */,
				A1AA2B731671B21900CB0135 /* set_field.cpp */,
				A1AA2B741671B21900CB0135 /* set_index.cpp */,
				A1AA2B751671B21900CB0135 /* set_methods.cpp */,
				A1AA2B761671B21900CB0135 /* set_union.cpp */,
				A1AA2B771671B21900CB0135 /* static_error.cpp */,
				A1AA2B781671B21900CB0135 /* sub.cpp */,
				A1AA2B791671B21900CB0135 /* swap.cpp */,
				A1AA2B7A1671B21900CB0135 /* switch.cpp */,
				A1AA2B7B1671B21900CB0135 /* term_to_source.cpp */,
				A1AA2B7C1671B21900CB0135 /* to_string.cpp */,
				A1AA2B7D1671B21900CB0135 /* trig.cpp */,
				A1AA2B7E1671B21900CB0135 /* type_check.cpp */,
				A1AA2B7F1671B21900CB0135 /* unique_id.cpp */,
				A1AA2B801671B21900CB0135 /* unknown_function.cpp */,
				A1AA2B811671B21900CB0135 /* unknown_identifier.cpp */,
				A1AA2B821671B21900CB0135 /* unrecognized_expr.cpp */,
				A1AA2B831671B21900CB0135 /* write_text_file.cpp */,
			);
			name = functions;
			path = ../src/functions;
			sourceTree = "<group>";
		};
		A1AA2B861671B21900CB0135 /* generated */ = {
			isa = PBXGroup;
			children = (
				A1AA2B8A1671B21900CB0135 /* setup_builtin_functions.cpp */,
				A1AA2B8B1671B21900CB0135 /* stdlib_script_text.cpp */,
			);
			name = generated;
			path = ../src/generated;
			sourceTree = "<group>";
		};
		A1AA2BCF1671B21900CB0135 /* types */ = {
			isa = PBXGroup;
			children = (
				A1AA2BD01671B21900CB0135 /* any.cpp */,
				A1AA2BD11671B21900CB0135 /* any.h */,
				A1AA2BD21671B21900CB0135 /* bool.cpp */,
				A1AA2BD31671B21900CB0135 /* bool.h */,
				A1AA2BD41671B21900CB0135 /* callable.cpp */,
				A1AA2BD51671B21900CB0135 /* callable.h */,
				A1AA2BD61671B21900CB0135 /* color.cpp */,
				A1AA2BD71671B21900CB0135 /* color.h */,
				A1AA2BD81671B21900CB0135 /* common.cpp */,
				A1AA2BD91671B21900CB0135 /* common.h */,
				A1AA2BDA1671B21900CB0135 /* eval_context.cpp */,
				A1AA2BDB1671B21900CB0135 /* eval_context.h */,
				A1AA2BDC1671B21900CB0135 /* indexable.cpp */,
				A1AA2BDD1671B21900CB0135 /* indexable.h */,
				A1AA2BDE1671B21900CB0135 /* int.cpp */,
				A1AA2BDF1671B21900CB0135 /* int.h */,
				A1AA2BE01671B21900CB0135 /* name.cpp */,
				A1AA2BE11671B21900CB0135 /* name.h */,
				A1AA2BE21671B21900CB0135 /* null.cpp */,
				A1AA2BE31671B21900CB0135 /* number.cpp */,
				A1AA2BE41671B21900CB0135 /* number.h */,
				A1AA2BE51671B21900CB0135 /* opaque_pointer_t.cpp */,
				A1AA2BE61671B21900CB0135 /* set.cpp */,
				A1AA2BE71671B21900CB0135 /* set.h */,
				A1AA2BE81671B21900CB0135 /* void.cpp */,
				A1AA2BE91671B21900CB0135 /* void.h */,
			);
			name = types;
			path = ../src/types;
			sourceTree = "<group>";
		};
		A1AA2CA616727EF300CB0135 /* ca */ = {
			isa = PBXGroup;
			children = (
				A1AA2CA716727EF400CB0135 /* BoxUI.ca */,
				A1AA2CA816727EF400CB0135 /* CodeViewer.ca */,
				A1AA2CA916727EF400CB0135 /* EditorView.ca */,
				A1AA2CAA16727EF400CB0135 /* EngineBindings.ca */,
				A1AA2CAB16727EF400CB0135 /* FPSTracker.ca */,
				A1AA2CAC16727EF400CB0135 /* InputEvent.ca */,
				A1AA2CAD16727EF400CB0135 /* IntroScreen.ca */,
				A1AA2CAE16727EF400CB0135 /* Layout.ca */,
				A1AA2CAF16727EF400CB0135 /* Layout_test.ca */,
				A1AA2CB016727EF400CB0135 /* Main.ca */,
				A1AA2CB116727EF400CB0135 /* PopupMenu.ca */,
				A1AA2CB216727EF400CB0135 /* ScriptView.ca */,
				A1AA2CB316727EF400CB0135 /* UIHelper.ca */,
				A1AA2CB416727EF400CB0135 /* UserApi.ca */,
			);
			path = ca;
			sourceTree = "<group>";
		};
		A1BAC78016719A460048831B = {
			isa = PBXGroup;
			children = (
				A1AA2CA616727EF300CB0135 /* ca */,
				A1AA2B141671B1E600CB0135 /* circa */,
				A1BAC78E16719A470048831B /* improv */,
				A1E52D47167F7D4000D41B7D /* sdl_mac */,
				A1AA2B101671B13600CB0135 /* OpenGL.framework */,
				A1AA2B0E1671B06800CB0135 /* FreeType.framework */,
				A1F3B11816719F91002202FA /* SDL.framework */,
				2E1AA2391672ACAB006A8DBF /* Cocoa.framework */,
				A1BAC78C16719A470048831B /* Products */,
			);
			sourceTree = "<group>";
		};
		A1BAC78C16719A470048831B /* Products */ = {
			isa = PBXGroup;
			children = (
				A1BAC78B16719A470048831B /* improv */,
			);
			name = Products;
			sourceTree = "<group>";
		};
		A1BAC78E16719A470048831B /* improv */ = {
			isa = PBXGroup;
			children = (
				A1E52D45167F7D2A00D41B7D /* SDLMain.cpp */,
				A1F3B0F216719BEC002202FA /* Common.cpp */,
				A1F3B0F316719BEC002202FA /* Common.h */,
				A1F3B0F416719BEC002202FA /* FontBitmap.cpp */,
				A1F3B0F516719BEC002202FA /* FontBitmap.h */,
				A1F3B0FA16719BEC002202FA /* RenderBuffer.h */,
				A1F3B0FB16719BEC002202FA /* RenderEntity.h */,
				A1F3B0FC16719BEC002202FA /* RenderTarget.cpp */,
				A1F3B0FD16719BEC002202FA /* RenderTarget.h */,
				A1F3B0FE16719BEC002202FA /* ResourceManager.cpp */,
				A1F3B0FF16719BEC002202FA /* ResourceManager.h */,
				A1F3B10216719BEC002202FA /* ShaderUtils.cpp */,
				A1F3B10316719BEC002202FA /* ShaderUtils.h */,
				A1F3B10416719BEC002202FA /* TextTexture.cpp */,
				A1F3B10516719BEC002202FA /* TextTexture.h */,
				A1F3B10616719BEC002202FA /* Texture.cpp */,
				A1F3B10716719BEC002202FA /* Texture.h */,
				A1F3B10816719BEC002202FA /* triangulate.cpp */,
				A1F3B10916719BEC002202FA /* triangulate.h */,
			);
			path = improv;
			sourceTree = "<group>";
		};
		A1E52D47167F7D4000D41B7D /* sdl_mac */ = {
			isa = PBXGroup;
			children = (
				2E1AA2361672AC07006A8DBF /* SDLMain.h */,
				2E1AA2371672AC07006A8DBF /* SDLMain.m */,
			);
			name = sdl_mac;
			sourceTree = "<group>";
		};
/* End PBXGroup section */

/* Begin PBXNativeTarget section */
		A1BAC78A16719A460048831B /* improv */ = {
			isa = PBXNativeTarget;
			buildConfigurationList = A1BAC79516719A470048831B /* Build configuration list for PBXNativeTarget "improv" */;
			buildPhases = (
				A1BAC78716719A460048831B /* Sources */,
				A1BAC78816719A460048831B /* Frameworks */,
				A1BAC78916719A460048831B /* CopyFiles */,
				A1AA2CA31671B7FF00CB0135 /* CopyFiles */,
			);
			buildRules = (
			);
			dependencies = (
			);
			name = improv;
			productName = improv;
			productReference = A1BAC78B16719A470048831B /* improv */;
			productType = "com.apple.product-type.tool";
		};
/* End PBXNativeTarget section */

/* Begin PBXProject section */
		A1BAC78216719A460048831B /* Project object */ = {
			isa = PBXProject;
			attributes = {
				LastUpgradeCheck = 0450;
				ORGANIZATIONNAME = "Andrew Fischer";
			};
			buildConfigurationList = A1BAC78516719A460048831B /* Build configuration list for PBXProject "improv" */;
			compatibilityVersion = "Xcode 3.2";
			developmentRegion = English;
			hasScannedForEncodings = 0;
			knownRegions = (
				en,
				ar,
				ca,
				cs,
				da,
				Dutch,
				el,
				es,
				fi,
				French,
				German,
				he,
				hr,
				hu,
				Italian,
				Japanese,
				ko,
				no,
				pl,
				pt,
				pt_PT,
				ro,
				ru,
				sk,
				sv,
				th,
				tr,
				uk,
				zh_CN,
				zh_TW,
				English,
				Spanish,
				de,
				fr,
				it,
				ja,
				nl,
			);
			mainGroup = A1BAC78016719A460048831B;
			productRefGroup = A1BAC78C16719A470048831B /* Products */;
			projectDirPath = "";
			projectRoot = "";
			targets = (
				A1BAC78A16719A460048831B /* improv */,
			);
		};
/* End PBXProject section */

/* Begin PBXSourcesBuildPhase section */
		A1BAC78716719A460048831B /* Sources */ = {
			isa = PBXSourcesBuildPhase;
			buildActionMask = 2147483647;
			files = (
				A1F3B10C16719BEC002202FA /* Common.cpp in Sources */,
				A1F3B10D16719BEC002202FA /* FontBitmap.cpp in Sources */,
				A1F3B11016719BEC002202FA /* RenderTarget.cpp in Sources */,
				A1F3B11116719BEC002202FA /* ResourceManager.cpp in Sources */,
				A1F3B11316719BEC002202FA /* ShaderUtils.cpp in Sources */,
				A1F3B11416719BEC002202FA /* TextTexture.cpp in Sources */,
				A1F3B11516719BEC002202FA /* Texture.cpp in Sources */,
				A1F3B11616719BEC002202FA /* triangulate.cpp in Sources */,
				A1AA2C051671B21900CB0135 /* block.cpp in Sources */,
				A1AA2C061671B21900CB0135 /* building.cpp in Sources */,
				A1AA2C071671B21900CB0135 /* c_api.cpp in Sources */,
				A1AA2C081671B21900CB0135 /* closures.cpp in Sources */,
				A1AA2C091671B21900CB0135 /* code_iterators.cpp in Sources */,
				A1AA2C0A1671B21900CB0135 /* codegen.cpp in Sources */,
				A1AA2C0B1671B21900CB0135 /* build_tool.cpp in Sources */,
				A1AA2C0C1671B21900CB0135 /* command_line.cpp in Sources */,
				A1AA2C0E1671B21900CB0135 /* debugger_repl.cpp in Sources */,
				A1AA2C0F1671B21900CB0135 /* exporting_parser.cpp in Sources */,
				A1AA2C101671B21900CB0135 /* file_checker.cpp in Sources */,
				A1AA2C111671B21900CB0135 /* generate_cpp.cpp in Sources */,
				A1AA2C121671B21900CB0135 /* control_flow.cpp in Sources */,
				A1AA2C131671B21900CB0135 /* debug.cpp in Sources */,
				A1AA2C141671B21900CB0135 /* dict.cpp in Sources */,
				A1AA2C151671B21900CB0135 /* dll_loading.cpp in Sources */,
				A1AA2C161671B21900CB0135 /* evaluation.cpp in Sources */,
				A1AA2C171671B21900CB0135 /* fakefs.cpp in Sources */,
				A1AA2C181671B21900CB0135 /* feedback.cpp in Sources */,
				A1AA2C191671B21900CB0135 /* file_watch.cpp in Sources */,
				A1AA2C1A1671B21900CB0135 /* file.cpp in Sources */,
				A1AA2C1B1671B21900CB0135 /* function.cpp in Sources */,
				A1AA2C1C1671B21900CB0135 /* abs.cpp in Sources */,
				A1AA2C1D1671B21900CB0135 /* add.cpp in Sources */,
				A1AA2C1E1671B21900CB0135 /* any_true.cpp in Sources */,
				A1AA2C1F1671B21900CB0135 /* block.cpp in Sources */,
				A1AA2C201671B21900CB0135 /* cast.cpp in Sources */,
				A1AA2C211671B21900CB0135 /* comment.cpp in Sources */,
				A1AA2C221671B21900CB0135 /* comparison.cpp in Sources */,
				A1AA2C231671B21900CB0135 /* concat.cpp in Sources */,
				A1AA2C241671B21900CB0135 /* cond.cpp in Sources */,
				A1AA2C251671B21900CB0135 /* container_set.cpp in Sources */,
				A1AA2C261671B21900CB0135 /* copy.cpp in Sources */,
				A1AA2C271671B21900CB0135 /* cppbuild.cpp in Sources */,
				A1AA2C281671B21900CB0135 /* declared_state.cpp in Sources */,
				A1AA2C291671B21900CB0135 /* div.cpp in Sources */,
				A1AA2C2A1671B21900CB0135 /* equals.cpp in Sources */,
				A1AA2C2B1671B21900CB0135 /* error.cpp in Sources */,
				A1AA2C2C1671B21900CB0135 /* extra_output.cpp in Sources */,
				A1AA2C2D1671B21900CB0135 /* feedback.cpp in Sources */,
				A1AA2C2E1671B21900CB0135 /* for.cpp in Sources */,
				A1AA2C2F1671B21900CB0135 /* get_field.cpp in Sources */,
				A1AA2C301671B21900CB0135 /* get_index.cpp in Sources */,
				A1AA2C311671B21900CB0135 /* if_block.cpp in Sources */,
				A1AA2C321671B21900CB0135 /* implicit_state.cpp in Sources */,
				A1AA2C331671B21900CB0135 /* include.cpp in Sources */,
				A1AA2C341671B21900CB0135 /* increment.cpp in Sources */,
				A1AA2C351671B21900CB0135 /* input_explicit.cpp in Sources */,
				A1AA2C361671B21900CB0135 /* internal_debug.cpp in Sources */,
				A1AA2C371671B21900CB0135 /* list.cpp in Sources */,
				A1AA2C381671B21900CB0135 /* logical.cpp in Sources */,
				A1AA2C391671B21900CB0135 /* make.cpp in Sources */,
				A1AA2C3A1671B21900CB0135 /* math.cpp in Sources */,
				A1AA2C3B1671B21900CB0135 /* mult.cpp in Sources */,
				A1AA2C3C1671B21900CB0135 /* namespace.cpp in Sources */,
				A1AA2C3D1671B21900CB0135 /* neg.cpp in Sources */,
				A1AA2C3E1671B21900CB0135 /* print.cpp in Sources */,
				A1AA2C3F1671B21900CB0135 /* rand.cpp in Sources */,
				A1AA2C401671B21900CB0135 /* range.cpp in Sources */,
				A1AA2C411671B21900CB0135 /* rpath.cpp in Sources */,
				A1AA2C421671B21900CB0135 /* set_field.cpp in Sources */,
				A1AA2C431671B21900CB0135 /* set_index.cpp in Sources */,
				A1AA2C441671B21900CB0135 /* set_methods.cpp in Sources */,
				A1AA2C451671B21900CB0135 /* set_union.cpp in Sources */,
				A1AA2C461671B21900CB0135 /* static_error.cpp in Sources */,
				A1AA2C471671B21900CB0135 /* sub.cpp in Sources */,
				A1AA2C481671B21900CB0135 /* swap.cpp in Sources */,
				A1AA2C491671B21900CB0135 /* switch.cpp in Sources */,
				A1AA2C4A1671B21900CB0135 /* term_to_source.cpp in Sources */,
				A1AA2C4B1671B21900CB0135 /* to_string.cpp in Sources */,
				A1AA2C4C1671B21900CB0135 /* trig.cpp in Sources */,
				A1AA2C4D1671B21900CB0135 /* type_check.cpp in Sources */,
				A1AA2C4E1671B21900CB0135 /* unique_id.cpp in Sources */,
				A1AA2C4F1671B21900CB0135 /* unknown_function.cpp in Sources */,
				A1AA2C501671B21900CB0135 /* unknown_identifier.cpp in Sources */,
				A1AA2C511671B21900CB0135 /* unrecognized_expr.cpp in Sources */,
				A1AA2C521671B21900CB0135 /* write_text_file.cpp in Sources */,
				A1AA2C531671B21900CB0135 /* gc.cpp in Sources */,
				A1AA2C571671B21900CB0135 /* setup_builtin_functions.cpp in Sources */,
				A1AA2C581671B21900CB0135 /* stdlib_script_text.cpp in Sources */,
				A1AA2C591671B21900CB0135 /* generic.cpp in Sources */,
				A1AA2C5A1671B21900CB0135 /* handle.cpp in Sources */,
				A1AA2C5B1671B21900CB0135 /* hashtable.cpp in Sources */,
				A1AA2C5C1671B21900CB0135 /* heap_debugging.cpp in Sources */,
				A1AA2C5D1671B21900CB0135 /* if_block.cpp in Sources */,
				A1AA2C5E1671B21900CB0135 /* importing.cpp in Sources */,
				A1AA2C5F1671B21900CB0135 /* inspection.cpp in Sources */,
				A1AA2C601671B21900CB0135 /* kernel.cpp in Sources */,
				A1AA2C611671B21900CB0135 /* list.cpp in Sources */,
				A1AA2C621671B21900CB0135 /* loops.cpp in Sources */,
				A1AA2C631671B21900CB0135 /* modules.cpp in Sources */,
				A1AA2C641671B21900CB0135 /* names_builtin.cpp in Sources */,
				A1AA2C651671B21900CB0135 /* names.cpp in Sources */,
				A1AA2C661671B21900CB0135 /* native_modules.cpp in Sources */,
				A1AA2C671671B21900CB0135 /* object.cpp in Sources */,
				A1AA2C681671B21900CB0135 /* parser.cpp in Sources */,
				A1AA2C691671B21900CB0135 /* reflection.cpp in Sources */,
				A1AA2C6A1671B21900CB0135 /* selector.cpp in Sources */,
				A1AA2C6B1671B21900CB0135 /* source_repro.cpp in Sources */,
				A1AA2C6C1671B21900CB0135 /* stateful_code.cpp in Sources */,
				A1AA2C6D1671B21900CB0135 /* static_checking.cpp in Sources */,
				A1AA2C6E1671B21900CB0135 /* str_repr.cpp in Sources */,
				A1AA2C6F1671B21900CB0135 /* string_type.cpp in Sources */,
				A1AA2C701671B21900CB0135 /* switch_block.cpp in Sources */,
				A1AA2C711671B21900CB0135 /* tagged_value.cpp in Sources */,
				A1AA2C721671B21900CB0135 /* term_list.cpp in Sources */,
				A1AA2C731671B21900CB0135 /* term_namespace.cpp in Sources */,
				A1AA2C741671B21900CB0135 /* term.cpp in Sources */,
				A1AA2C751671B21900CB0135 /* thread.cpp in Sources */,
				A1AA2C761671B21900CB0135 /* token.cpp in Sources */,
				A1AA2C771671B21900CB0135 /* type_inference.cpp in Sources */,
				A1AA2C781671B21900CB0135 /* type.cpp in Sources */,
				A1AA2C791671B21900CB0135 /* any.cpp in Sources */,
				A1AA2C7A1671B21900CB0135 /* bool.cpp in Sources */,
				A1AA2C7B1671B21900CB0135 /* callable.cpp in Sources */,
				A1AA2C7C1671B21900CB0135 /* color.cpp in Sources */,
				A1AA2C7D1671B21900CB0135 /* common.cpp in Sources */,
				A1AA2C7E1671B21900CB0135 /* eval_context.cpp in Sources */,
				A1AA2C7F1671B21900CB0135 /* indexable.cpp in Sources */,
				A1AA2C801671B21900CB0135 /* int.cpp in Sources */,
				A1AA2C811671B21900CB0135 /* name.cpp in Sources */,
				A1AA2C821671B21900CB0135 /* null.cpp in Sources */,
				A1AA2C831671B21900CB0135 /* number.cpp in Sources */,
				A1AA2C841671B21900CB0135 /* opaque_pointer_t.cpp in Sources */,
				A1AA2C851671B21900CB0135 /* set.cpp in Sources */,
				A1AA2C861671B21900CB0135 /* void.cpp in Sources */,
				A1AA2C981671B21900CB0135 /* update_cascades.cpp in Sources */,
				A1AA2C991671B21900CB0135 /* weak_ptrs.cpp in Sources */,
				A1AA2C9A1671B21900CB0135 /* world.cpp in Sources */,
				2E1AA2381672AC07006A8DBF /* SDLMain.m in Sources */,
				A1E52D46167F7D2A00D41B7D /* SDLMain.cpp in Sources */,
				A1E52D4A167F7D9400D41B7D /* repl.cpp in Sources */,
			);
			runOnlyForDeploymentPostprocessing = 0;
		};
/* End PBXSourcesBuildPhase section */

/* Begin XCBuildConfiguration section */
		A1BAC79316719A470048831B /* Debug */ = {
			isa = XCBuildConfiguration;
			buildSettings = {
				ALWAYS_SEARCH_USER_PATHS = NO;
				ARCHS = "$(ARCHS_STANDARD_64_BIT)";
				CLANG_CXX_LANGUAGE_STANDARD = "gnu++0x";
				CLANG_CXX_LIBRARY = "libc++";
				CLANG_ENABLE_OBJC_ARC = YES;
				CLANG_WARN_EMPTY_BODY = YES;
				CLANG_WARN__DUPLICATE_METHOD_MATCH = YES;
				COPY_PHASE_STRIP = NO;
				GCC_C_LANGUAGE_STANDARD = gnu99;
				GCC_DYNAMIC_NO_PIC = NO;
				GCC_ENABLE_OBJC_EXCEPTIONS = YES;
				GCC_OPTIMIZATION_LEVEL = 0;
				GCC_PREPROCESSOR_DEFINITIONS = DEBUG;
				GCC_SYMBOLS_PRIVATE_EXTERN = NO;
				GCC_WARN_64_TO_32_BIT_CONVERSION = YES;
				GCC_WARN_ABOUT_RETURN_TYPE = YES;
				GCC_WARN_UNINITIALIZED_AUTOS = YES;
				GCC_WARN_UNUSED_VARIABLE = YES;
				HEADER_SEARCH_PATHS = (
					../include,
					deps,
					/usr/local/Cellar/freetype/2.4.10/include,
					/usr/local/Cellar/freetype/2.4.10/include/freetype2,
				);
				LIBRARY_SEARCH_PATHS = "";
				MACOSX_DEPLOYMENT_TARGET = 10.8;
				ONLY_ACTIVE_ARCH = YES;
				SDKROOT = macosx;
			};
			name = Debug;
		};
		A1BAC79416719A470048831B /* Release */ = {
			isa = XCBuildConfiguration;
			buildSettings = {
				ALWAYS_SEARCH_USER_PATHS = NO;
				ARCHS = "$(ARCHS_STANDARD_64_BIT)";
				CLANG_CXX_LANGUAGE_STANDARD = "gnu++0x";
				CLANG_CXX_LIBRARY = "libc++";
				CLANG_ENABLE_OBJC_ARC = YES;
				CLANG_WARN_EMPTY_BODY = YES;
				CLANG_WARN__DUPLICATE_METHOD_MATCH = YES;
				COPY_PHASE_STRIP = YES;
				DEBUG_INFORMATION_FORMAT = "dwarf-with-dsym";
				GCC_C_LANGUAGE_STANDARD = gnu99;
				GCC_ENABLE_OBJC_EXCEPTIONS = YES;
				GCC_PREPROCESSOR_DEFINITIONS = "";
				GCC_WARN_64_TO_32_BIT_CONVERSION = YES;
				GCC_WARN_ABOUT_RETURN_TYPE = YES;
				GCC_WARN_UNINITIALIZED_AUTOS = YES;
				GCC_WARN_UNUSED_VARIABLE = YES;
				HEADER_SEARCH_PATHS = (
					../include,
					deps,
					/usr/local/Cellar/freetype/2.4.10/include,
					/usr/local/Cellar/freetype/2.4.10/include/freetype2,
				);
				LIBRARY_SEARCH_PATHS = "";
				MACOSX_DEPLOYMENT_TARGET = 10.8;
				SDKROOT = macosx;
			};
			name = Release;
		};
		A1BAC79616719A470048831B /* Debug */ = {
			isa = XCBuildConfiguration;
			buildSettings = {
				CLANG_ENABLE_OBJC_ARC = NO;
				FRAMEWORK_SEARCH_PATHS = (
					"$(inherited)",
					"\"$(SRCROOT)/deps\"",
				);
				LIBRARY_SEARCH_PATHS = (
					"$(inherited)",
					"\"$(SRCROOT)/../build\"",
				);
				PRODUCT_NAME = "$(TARGET_NAME)";
			};
			name = Debug;
		};
		A1BAC79716719A470048831B /* Release */ = {
			isa = XCBuildConfiguration;
			buildSettings = {
				CLANG_ENABLE_OBJC_ARC = NO;
				FRAMEWORK_SEARCH_PATHS = (
					"$(inherited)",
					"\"$(SRCROOT)/deps\"",
				);
				LIBRARY_SEARCH_PATHS = (
					"$(inherited)",
					"\"$(SRCROOT)/../build\"",
				);
				PRODUCT_NAME = "$(TARGET_NAME)";
			};
			name = Release;
		};
/* End XCBuildConfiguration section */

/* Begin XCConfigurationList section */
		A1BAC78516719A460048831B /* Build configuration list for PBXProject "improv" */ = {
			isa = XCConfigurationList;
			buildConfigurations = (
				A1BAC79316719A470048831B /* Debug */,
				A1BAC79416719A470048831B /* Release */,
			);
			defaultConfigurationIsVisible = 0;
			defaultConfigurationName = Release;
		};
		A1BAC79516719A470048831B /* Build configuration list for PBXNativeTarget "improv" */ = {
			isa = XCConfigurationList;
			buildConfigurations = (
				A1BAC79616719A470048831B /* Debug */,
				A1BAC79716719A470048831B /* Release */,
			);
			defaultConfigurationIsVisible = 0;
			defaultConfigurationName = Release;
		};
/* End XCConfigurationList section */
	};
	rootObject = A1BAC78216719A460048831B /* Project object */;
}
