// !$*UTF8*$!
{
	archiveVersion = 1;
	classes = {
	};
	objectVersion = 44;
	objects = {

/* Begin PBXBuildFile section */
		B6769D6A0E70D2E900BC7FAE /* importing.cpp in Sources */ = {isa = PBXBuildFile; fileRef = B6769D660E70D2E900BC7FAE /* importing.cpp */; };
		B6769D6B0E70D2E900BC7FAE /* value_map.cpp in Sources */ = {isa = PBXBuildFile; fileRef = B6769D680E70D2E900BC7FAE /* value_map.cpp */; };
		B6769D6D0E70D2F600BC7FAE /* importing_tests.cpp in Sources */ = {isa = PBXBuildFile; fileRef = B6769D6C0E70D2F600BC7FAE /* importing_tests.cpp */; };
		B68D10CD0E47685600C6D09A /* term_map.cpp in Sources */ = {isa = PBXBuildFile; fileRef = B68D10CB0E47685600C6D09A /* term_map.cpp */; };
		B69A203F0E68717300AF7F28 /* container_tests.cpp in Sources */ = {isa = PBXBuildFile; fileRef = B69A203D0E68717300AF7F28 /* container_tests.cpp */; };
		B69A20400E68717300AF7F28 /* operations_tests.cpp in Sources */ = {isa = PBXBuildFile; fileRef = B69A203E0E68717300AF7F28 /* operations_tests.cpp */; };
		B6A243A50E3568EB007F2BEB /* errors.cpp in Sources */ = {isa = PBXBuildFile; fileRef = B6A243A40E3568EB007F2BEB /* errors.cpp */; };
		B6A243B30E356E26007F2BEB /* main.cpp in Sources */ = {isa = PBXBuildFile; fileRef = B6A243B20E356E26007F2BEB /* main.cpp */; };
		B6A243FD0E3D6414007F2BEB /* bootstrapping.cpp in Sources */ = {isa = PBXBuildFile; fileRef = B6A243F30E3D6414007F2BEB /* bootstrapping.cpp */; };
		B6A243FF0E3D6414007F2BEB /* all_tests.cpp in Sources */ = {isa = PBXBuildFile; fileRef = B6A243FA0E3D6414007F2BEB /* all_tests.cpp */; };
		B6A244290E3ED540007F2BEB /* common.cpp in Sources */ = {isa = PBXBuildFile; fileRef = B6A244250E3ED540007F2BEB /* common.cpp */; };
		B6B06CE40E7F480700671D05 /* compilation.cpp in Sources */ = {isa = PBXBuildFile; fileRef = B6B06CD80E7F480700671D05 /* compilation.cpp */; };
		B6B06CE50E7F480700671D05 /* evaluation.cpp in Sources */ = {isa = PBXBuildFile; fileRef = B6B06CDB0E7F480700671D05 /* evaluation.cpp */; };
		B6B06CE60E7F480700671D05 /* builtin_libraries.cpp in Sources */ = {isa = PBXBuildFile; fileRef = B6B06CDE0E7F480700671D05 /* builtin_libraries.cpp */; };
		B6B06CE70E7F480700671D05 /* graphviz.cpp in Sources */ = {isa = PBXBuildFile; fileRef = B6B06CE00E7F480700671D05 /* graphviz.cpp */; };
		B6B06CEB0E7F481B00671D05 /* error_tests.cpp in Sources */ = {isa = PBXBuildFile; fileRef = B6B06CE90E7F481B00671D05 /* error_tests.cpp */; };
		B6B06CEC0E7F481B00671D05 /* type_tests.cpp in Sources */ = {isa = PBXBuildFile; fileRef = B6B06CEA0E7F481B00671D05 /* type_tests.cpp */; };
		B6B06CFF0E7F491300671D05 /* values.cpp in Sources */ = {isa = PBXBuildFile; fileRef = B6B06CFD0E7F491300671D05 /* values.cpp */; };
		B6BA5BF70E622ED800B4C3A0 /* ast.cpp in Sources */ = {isa = PBXBuildFile; fileRef = B6BA5BED0E622ED800B4C3A0 /* ast.cpp */; };
		B6BA5BF90E622ED800B4C3A0 /* parser.cpp in Sources */ = {isa = PBXBuildFile; fileRef = B6BA5BF10E622ED800B4C3A0 /* parser.cpp */; };
		B6BA5BFA0E622ED800B4C3A0 /* tokenizer.cpp in Sources */ = {isa = PBXBuildFile; fileRef = B6BA5BF50E622ED800B4C3A0 /* tokenizer.cpp */; };
		B6BA5C030E622F1900B4C3A0 /* branch_tests.cpp in Sources */ = {isa = PBXBuildFile; fileRef = B6BA5BFB0E622F1900B4C3A0 /* branch_tests.cpp */; };
		B6BA5C040E622F1900B4C3A0 /* builtin_function_tests.cpp in Sources */ = {isa = PBXBuildFile; fileRef = B6BA5BFC0E622F1900B4C3A0 /* builtin_function_tests.cpp */; };
		B6BA5C050E622F1900B4C3A0 /* list_tests.cpp in Sources */ = {isa = PBXBuildFile; fileRef = B6BA5BFD0E622F1900B4C3A0 /* list_tests.cpp */; };
		B6BA5C060E622F1900B4C3A0 /* parser_tests.cpp in Sources */ = {isa = PBXBuildFile; fileRef = B6BA5BFE0E622F1900B4C3A0 /* parser_tests.cpp */; };
		B6BA5C070E622F1900B4C3A0 /* primitive_type_tests.cpp in Sources */ = {isa = PBXBuildFile; fileRef = B6BA5BFF0E622F1900B4C3A0 /* primitive_type_tests.cpp */; };
		B6BA5C090E622F1900B4C3A0 /* subroutine_tests.cpp in Sources */ = {isa = PBXBuildFile; fileRef = B6BA5C010E622F1900B4C3A0 /* subroutine_tests.cpp */; };
		B6BA5C0A0E622F1900B4C3A0 /* tokenizer_tests.cpp in Sources */ = {isa = PBXBuildFile; fileRef = B6BA5C020E622F1900B4C3A0 /* tokenizer_tests.cpp */; };
		B6BCE0A60E6477F70062B391 /* syntax_errors.cpp in Sources */ = {isa = PBXBuildFile; fileRef = B6BCE0A50E6477F70062B391 /* syntax_errors.cpp */; };
		B6DB9E590E8C035C004811E1 /* list.cpp in Sources */ = {isa = PBXBuildFile; fileRef = B6DB9E550E8C035C004811E1 /* list.cpp */; };
		B6DB9E5A0E8C035C004811E1 /* ref_list.cpp in Sources */ = {isa = PBXBuildFile; fileRef = B6DB9E570E8C035C004811E1 /* ref_list.cpp */; };
		B6EEE5890E670E9B009E2FA2 /* cpp_interface_tests.cpp in Sources */ = {isa = PBXBuildFile; fileRef = B6EEE5880E670E9B009E2FA2 /* cpp_interface_tests.cpp */; };
		B6F114C00E33394F00B8BA44 /* branch.cpp in Sources */ = {isa = PBXBuildFile; fileRef = B6F114A10E33394F00B8BA44 /* branch.cpp */; };
		B6F114C40E33394F00B8BA44 /* builtins.cpp in Sources */ = {isa = PBXBuildFile; fileRef = B6F114A70E33394F00B8BA44 /* builtins.cpp */; };
		B6F114C80E33394F00B8BA44 /* function.cpp in Sources */ = {isa = PBXBuildFile; fileRef = B6F114B00E33394F00B8BA44 /* function.cpp */; };
		B6F114CD0E33394F00B8BA44 /* term.cpp in Sources */ = {isa = PBXBuildFile; fileRef = B6F114B80E33394F00B8BA44 /* term.cpp */; };
		B6F114D00E33394F00B8BA44 /* type.cpp in Sources */ = {isa = PBXBuildFile; fileRef = B6F114BD0E33394F00B8BA44 /* type.cpp */; };
		B6F1151A0E34F4B300B8BA44 /* operations.cpp in Sources */ = {isa = PBXBuildFile; fileRef = B6F115160E34F4B300B8BA44 /* operations.cpp */; };
/* End PBXBuildFile section */

/* Begin PBXCopyFilesBuildPhase section */
		8DD76F690486A84900D96B5E /* CopyFiles */ = {
			isa = PBXCopyFilesBuildPhase;
			buildActionMask = 8;
			dstPath = /usr/share/man/man1/;
			dstSubfolderSpec = 0;
			files = (
			);
			runOnlyForDeploymentPostprocessing = 1;
		};
/* End PBXCopyFilesBuildPhase section */

/* Begin PBXFileReference section */
		B64CA7220E6279E400ADB947 /* circa */ = {isa = PBXFileReference; explicitFileType = "compiled.mach-o.executable"; includeInIndex = 0; path = circa; sourceTree = BUILT_PRODUCTS_DIR; };
		B6769D660E70D2E900BC7FAE /* importing.cpp */ = {isa = PBXFileReference; fileEncoding = 4; lastKnownFileType = sourcecode.cpp.cpp; path = importing.cpp; sourceTree = "<group>"; };
		B6769D670E70D2E900BC7FAE /* importing.h */ = {isa = PBXFileReference; fileEncoding = 4; lastKnownFileType = sourcecode.c.h; path = importing.h; sourceTree = "<group>"; };
		B6769D680E70D2E900BC7FAE /* value_map.cpp */ = {isa = PBXFileReference; fileEncoding = 4; lastKnownFileType = sourcecode.cpp.cpp; path = value_map.cpp; sourceTree = "<group>"; };
		B6769D690E70D2E900BC7FAE /* value_map.h */ = {isa = PBXFileReference; fileEncoding = 4; lastKnownFileType = sourcecode.c.h; path = value_map.h; sourceTree = "<group>"; };
		B6769D6C0E70D2F600BC7FAE /* importing_tests.cpp */ = {isa = PBXFileReference; fileEncoding = 4; lastKnownFileType = sourcecode.cpp.cpp; path = importing_tests.cpp; sourceTree = "<group>"; };
		B68D10CB0E47685600C6D09A /* term_map.cpp */ = {isa = PBXFileReference; fileEncoding = 4; lastKnownFileType = sourcecode.cpp.cpp; path = term_map.cpp; sourceTree = "<group>"; };
		B68D10CC0E47685600C6D09A /* term_map.h */ = {isa = PBXFileReference; fileEncoding = 4; lastKnownFileType = sourcecode.c.h; path = term_map.h; sourceTree = "<group>"; };
		B69A203D0E68717300AF7F28 /* container_tests.cpp */ = {isa = PBXFileReference; fileEncoding = 4; lastKnownFileType = sourcecode.cpp.cpp; path = container_tests.cpp; sourceTree = "<group>"; };
		B69A203E0E68717300AF7F28 /* operations_tests.cpp */ = {isa = PBXFileReference; fileEncoding = 4; lastKnownFileType = sourcecode.cpp.cpp; path = operations_tests.cpp; sourceTree = "<group>"; };
		B69A20530E68CCB700AF7F28 /* cpp_interface.h */ = {isa = PBXFileReference; fileEncoding = 4; lastKnownFileType = sourcecode.c.h; path = cpp_interface.h; sourceTree = "<group>"; };
		B6A243A40E3568EB007F2BEB /* errors.cpp */ = {isa = PBXFileReference; fileEncoding = 4; lastKnownFileType = sourcecode.cpp.cpp; path = errors.cpp; sourceTree = "<group>"; };
		B6A243B20E356E26007F2BEB /* main.cpp */ = {isa = PBXFileReference; fileEncoding = 4; lastKnownFileType = sourcecode.cpp.cpp; path = main.cpp; sourceTree = "<group>"; };
		B6A243F30E3D6414007F2BEB /* bootstrapping.cpp */ = {isa = PBXFileReference; fileEncoding = 4; lastKnownFileType = sourcecode.cpp.cpp; path = bootstrapping.cpp; sourceTree = "<group>"; };
		B6A243F40E3D6414007F2BEB /* bootstrapping.h */ = {isa = PBXFileReference; fileEncoding = 4; lastKnownFileType = sourcecode.c.h; path = bootstrapping.h; sourceTree = "<group>"; };
		B6A243FA0E3D6414007F2BEB /* all_tests.cpp */ = {isa = PBXFileReference; fileEncoding = 4; lastKnownFileType = sourcecode.cpp.cpp; path = all_tests.cpp; sourceTree = "<group>"; };
		B6A243FB0E3D6414007F2BEB /* all_tests.h */ = {isa = PBXFileReference; fileEncoding = 4; lastKnownFileType = sourcecode.c.h; path = all_tests.h; sourceTree = "<group>"; };
		B6A244250E3ED540007F2BEB /* common.cpp */ = {isa = PBXFileReference; fileEncoding = 4; lastKnownFileType = sourcecode.cpp.cpp; path = common.cpp; sourceTree = "<group>"; };
		B6A244260E3ED540007F2BEB /* common.h */ = {isa = PBXFileReference; fileEncoding = 4; lastKnownFileType = sourcecode.c.h; path = common.h; sourceTree = "<group>"; };
		B6B06CD80E7F480700671D05 /* compilation.cpp */ = {isa = PBXFileReference; fileEncoding = 4; lastKnownFileType = sourcecode.cpp.cpp; path = compilation.cpp; sourceTree = "<group>"; };
		B6B06CD90E7F480700671D05 /* compilation.h */ = {isa = PBXFileReference; fileEncoding = 4; lastKnownFileType = sourcecode.c.h; path = compilation.h; sourceTree = "<group>"; };
		B6B06CDA0E7F480700671D05 /* essentials.h */ = {isa = PBXFileReference; fileEncoding = 4; lastKnownFileType = sourcecode.c.h; path = essentials.h; sourceTree = "<group>"; };
		B6B06CDB0E7F480700671D05 /* evaluation.cpp */ = {isa = PBXFileReference; fileEncoding = 4; lastKnownFileType = sourcecode.cpp.cpp; path = evaluation.cpp; sourceTree = "<group>"; };
		B6B06CDC0E7F480700671D05 /* evaluation.h */ = {isa = PBXFileReference; fileEncoding = 4; lastKnownFileType = sourcecode.c.h; path = evaluation.h; sourceTree = "<group>"; };
		B6B06CDE0E7F480700671D05 /* builtin_libraries.cpp */ = {isa = PBXFileReference; fileEncoding = 4; lastKnownFileType = sourcecode.cpp.cpp; path = builtin_libraries.cpp; sourceTree = "<group>"; };
		B6B06CDF0E7F480700671D05 /* builtin_libraries.h */ = {isa = PBXFileReference; fileEncoding = 4; lastKnownFileType = sourcecode.c.h; path = builtin_libraries.h; sourceTree = "<group>"; };
		B6B06CE00E7F480700671D05 /* graphviz.cpp */ = {isa = PBXFileReference; fileEncoding = 4; lastKnownFileType = sourcecode.cpp.cpp; path = graphviz.cpp; sourceTree = "<group>"; };
		B6B06CE10E7F480700671D05 /* graphviz.h */ = {isa = PBXFileReference; fileEncoding = 4; lastKnownFileType = sourcecode.c.h; path = graphviz.h; sourceTree = "<group>"; };
		B6B06CE90E7F481B00671D05 /* error_tests.cpp */ = {isa = PBXFileReference; fileEncoding = 4; lastKnownFileType = sourcecode.cpp.cpp; path = error_tests.cpp; sourceTree = "<group>"; };
		B6B06CEA0E7F481B00671D05 /* type_tests.cpp */ = {isa = PBXFileReference; fileEncoding = 4; lastKnownFileType = sourcecode.cpp.cpp; path = type_tests.cpp; sourceTree = "<group>"; };
		B6B06CFD0E7F491300671D05 /* values.cpp */ = {isa = PBXFileReference; fileEncoding = 4; lastKnownFileType = sourcecode.cpp.cpp; path = values.cpp; sourceTree = "<group>"; };
		B6B06CFE0E7F491300671D05 /* values.h */ = {isa = PBXFileReference; fileEncoding = 4; lastKnownFileType = sourcecode.c.h; path = values.h; sourceTree = "<group>"; };
		B6B436C90E47E64F00E3B337 /* term_set.h */ = {isa = PBXFileReference; fileEncoding = 4; lastKnownFileType = sourcecode.c.h; path = term_set.h; sourceTree = "<group>"; };
		B6BA5BED0E622ED800B4C3A0 /* ast.cpp */ = {isa = PBXFileReference; fileEncoding = 4; lastKnownFileType = sourcecode.cpp.cpp; path = ast.cpp; sourceTree = "<group>"; };
		B6BA5BEE0E622ED800B4C3A0 /* ast.h */ = {isa = PBXFileReference; fileEncoding = 4; lastKnownFileType = sourcecode.c.h; path = ast.h; sourceTree = "<group>"; };
		B6BA5BF10E622ED800B4C3A0 /* parser.cpp */ = {isa = PBXFileReference; fileEncoding = 4; lastKnownFileType = sourcecode.cpp.cpp; path = parser.cpp; sourceTree = "<group>"; };
		B6BA5BF20E622ED800B4C3A0 /* parser.h */ = {isa = PBXFileReference; fileEncoding = 4; lastKnownFileType = sourcecode.c.h; path = parser.h; sourceTree = "<group>"; };
		B6BA5BF30E622ED800B4C3A0 /* syntax_errors.h */ = {isa = PBXFileReference; fileEncoding = 4; lastKnownFileType = sourcecode.c.h; path = syntax_errors.h; sourceTree = "<group>"; };
		B6BA5BF40E622ED800B4C3A0 /* token_stream.h */ = {isa = PBXFileReference; fileEncoding = 4; lastKnownFileType = sourcecode.c.h; path = token_stream.h; sourceTree = "<group>"; };
		B6BA5BF50E622ED800B4C3A0 /* tokenizer.cpp */ = {isa = PBXFileReference; fileEncoding = 4; lastKnownFileType = sourcecode.cpp.cpp; path = tokenizer.cpp; sourceTree = "<group>"; };
		B6BA5BF60E622ED800B4C3A0 /* tokenizer.h */ = {isa = PBXFileReference; fileEncoding = 4; lastKnownFileType = sourcecode.c.h; path = tokenizer.h; sourceTree = "<group>"; };
		B6BA5BFB0E622F1900B4C3A0 /* branch_tests.cpp */ = {isa = PBXFileReference; fileEncoding = 4; lastKnownFileType = sourcecode.cpp.cpp; path = branch_tests.cpp; sourceTree = "<group>"; };
		B6BA5BFC0E622F1900B4C3A0 /* builtin_function_tests.cpp */ = {isa = PBXFileReference; fileEncoding = 4; lastKnownFileType = sourcecode.cpp.cpp; path = builtin_function_tests.cpp; sourceTree = "<group>"; };
		B6BA5BFD0E622F1900B4C3A0 /* list_tests.cpp */ = {isa = PBXFileReference; fileEncoding = 4; lastKnownFileType = sourcecode.cpp.cpp; path = list_tests.cpp; sourceTree = "<group>"; };
		B6BA5BFE0E622F1900B4C3A0 /* parser_tests.cpp */ = {isa = PBXFileReference; fileEncoding = 4; lastKnownFileType = sourcecode.cpp.cpp; path = parser_tests.cpp; sourceTree = "<group>"; };
		B6BA5BFF0E622F1900B4C3A0 /* primitive_type_tests.cpp */ = {isa = PBXFileReference; fileEncoding = 4; lastKnownFileType = sourcecode.cpp.cpp; path = primitive_type_tests.cpp; sourceTree = "<group>"; };
		B6BA5C010E622F1900B4C3A0 /* subroutine_tests.cpp */ = {isa = PBXFileReference; fileEncoding = 4; lastKnownFileType = sourcecode.cpp.cpp; path = subroutine_tests.cpp; sourceTree = "<group>"; };
		B6BA5C020E622F1900B4C3A0 /* tokenizer_tests.cpp */ = {isa = PBXFileReference; fileEncoding = 4; lastKnownFileType = sourcecode.cpp.cpp; path = tokenizer_tests.cpp; sourceTree = "<group>"; };
		B6BCE0A50E6477F70062B391 /* syntax_errors.cpp */ = {isa = PBXFileReference; fileEncoding = 4; lastKnownFileType = sourcecode.cpp.cpp; path = syntax_errors.cpp; sourceTree = "<group>"; };
		B6DB9E550E8C035C004811E1 /* list.cpp */ = {isa = PBXFileReference; fileEncoding = 4; lastKnownFileType = sourcecode.cpp.cpp; path = list.cpp; sourceTree = "<group>"; };
		B6DB9E560E8C035C004811E1 /* list.h */ = {isa = PBXFileReference; fileEncoding = 4; lastKnownFileType = sourcecode.c.h; path = list.h; sourceTree = "<group>"; };
		B6DB9E570E8C035C004811E1 /* ref_list.cpp */ = {isa = PBXFileReference; fileEncoding = 4; lastKnownFileType = sourcecode.cpp.cpp; path = ref_list.cpp; sourceTree = "<group>"; };
		B6DB9E580E8C035C004811E1 /* ref_list.h */ = {isa = PBXFileReference; fileEncoding = 4; lastKnownFileType = sourcecode.c.h; path = ref_list.h; sourceTree = "<group>"; };
		B6EEE5880E670E9B009E2FA2 /* cpp_interface_tests.cpp */ = {isa = PBXFileReference; fileEncoding = 4; lastKnownFileType = sourcecode.cpp.cpp; path = cpp_interface_tests.cpp; sourceTree = "<group>"; };
		B6F114A10E33394F00B8BA44 /* branch.cpp */ = {isa = PBXFileReference; fileEncoding = 4; lastKnownFileType = sourcecode.cpp.cpp; path = branch.cpp; sourceTree = "<group>"; };
		B6F114A20E33394F00B8BA44 /* branch.h */ = {isa = PBXFileReference; fileEncoding = 4; lastKnownFileType = sourcecode.c.h; path = branch.h; sourceTree = "<group>"; };
		B6F114A70E33394F00B8BA44 /* builtins.cpp */ = {isa = PBXFileReference; fileEncoding = 4; lastKnownFileType = sourcecode.cpp.cpp; path = builtins.cpp; sourceTree = "<group>"; };
		B6F114A80E33394F00B8BA44 /* builtins.h */ = {isa = PBXFileReference; fileEncoding = 4; lastKnownFileType = sourcecode.c.h; path = builtins.h; sourceTree = "<group>"; };
		B6F114AA0E33394F00B8BA44 /* circa.h */ = {isa = PBXFileReference; fileEncoding = 4; lastKnownFileType = sourcecode.c.h; path = circa.h; sourceTree = "<group>"; };
		B6F114AE0E33394F00B8BA44 /* common_headers.h */ = {isa = PBXFileReference; fileEncoding = 4; lastKnownFileType = sourcecode.c.h; path = common_headers.h; sourceTree = "<group>"; };
		B6F114AF0E33394F00B8BA44 /* errors.h */ = {isa = PBXFileReference; fileEncoding = 4; lastKnownFileType = sourcecode.c.h; path = errors.h; sourceTree = "<group>"; };
		B6F114B00E33394F00B8BA44 /* function.cpp */ = {isa = PBXFileReference; fileEncoding = 4; lastKnownFileType = sourcecode.cpp.cpp; path = function.cpp; sourceTree = "<group>"; };
		B6F114B10E33394F00B8BA44 /* function.h */ = {isa = PBXFileReference; fileEncoding = 4; lastKnownFileType = sourcecode.c.h; path = function.h; sourceTree = "<group>"; };
		B6F114B80E33394F00B8BA44 /* term.cpp */ = {isa = PBXFileReference; fileEncoding = 4; lastKnownFileType = sourcecode.cpp.cpp; path = term.cpp; sourceTree = "<group>"; };
		B6F114B90E33394F00B8BA44 /* term.h */ = {isa = PBXFileReference; fileEncoding = 4; lastKnownFileType = sourcecode.c.h; path = term.h; sourceTree = "<group>"; };
		B6F114BB0E33394F00B8BA44 /* term_namespace.h */ = {isa = PBXFileReference; fileEncoding = 4; lastKnownFileType = sourcecode.c.h; path = term_namespace.h; sourceTree = "<group>"; };
		B6F114BD0E33394F00B8BA44 /* type.cpp */ = {isa = PBXFileReference; fileEncoding = 4; lastKnownFileType = sourcecode.cpp.cpp; path = type.cpp; sourceTree = "<group>"; };
		B6F114BE0E33394F00B8BA44 /* type.h */ = {isa = PBXFileReference; fileEncoding = 4; lastKnownFileType = sourcecode.c.h; path = type.h; sourceTree = "<group>"; };
		B6F115160E34F4B300B8BA44 /* operations.cpp */ = {isa = PBXFileReference; fileEncoding = 4; lastKnownFileType = sourcecode.cpp.cpp; path = operations.cpp; sourceTree = "<group>"; };
		B6F115170E34F4B300B8BA44 /* operations.h */ = {isa = PBXFileReference; fileEncoding = 4; lastKnownFileType = sourcecode.c.h; path = operations.h; sourceTree = "<group>"; };
/* End PBXFileReference section */

/* Begin PBXFrameworksBuildPhase section */
		8DD76F660486A84900D96B5E /* Frameworks */ = {
			isa = PBXFrameworksBuildPhase;
			buildActionMask = 2147483647;
			files = (
			);
			runOnlyForDeploymentPostprocessing = 0;
		};
/* End PBXFrameworksBuildPhase section */

/* Begin PBXGroup section */
		08FB7794FE84155DC02AAC07 /* circa */ = {
			isa = PBXGroup;
			children = (
				08FB7795FE84155DC02AAC07 /* Source */,
				C6859E8C029090F304C91782 /* Documentation */,
				1AB674ADFE9D54B511CA2CBB /* Products */,
			);
			name = circa;
			sourceTree = "<group>";
		};
		08FB7795FE84155DC02AAC07 /* Source */ = {
			isa = PBXGroup;
			children = (
				B6F114A00E33394F00B8BA44 /* src */,
			);
			name = Source;
			sourceTree = "<group>";
		};
		1AB674ADFE9D54B511CA2CBB /* Products */ = {
			isa = PBXGroup;
			children = (
				B64CA7220E6279E400ADB947 /* circa */,
			);
			name = Products;
			sourceTree = "<group>";
		};
		B6A243F90E3D6414007F2BEB /* tests */ = {
			isa = PBXGroup;
			children = (
				B6B06CE90E7F481B00671D05 /* error_tests.cpp */,
				B6B06CEA0E7F481B00671D05 /* type_tests.cpp */,
				B6769D6C0E70D2F600BC7FAE /* importing_tests.cpp */,
				B69A203D0E68717300AF7F28 /* container_tests.cpp */,
				B69A203E0E68717300AF7F28 /* operations_tests.cpp */,
				B6EEE5880E670E9B009E2FA2 /* cpp_interface_tests.cpp */,
				B6BA5BFB0E622F1900B4C3A0 /* branch_tests.cpp */,
				B6BA5BFC0E622F1900B4C3A0 /* builtin_function_tests.cpp */,
				B6BA5BFD0E622F1900B4C3A0 /* list_tests.cpp */,
				B6BA5BFE0E622F1900B4C3A0 /* parser_tests.cpp */,
				B6BA5BFF0E622F1900B4C3A0 /* primitive_type_tests.cpp */,
				B6BA5C010E622F1900B4C3A0 /* subroutine_tests.cpp */,
				B6BA5C020E622F1900B4C3A0 /* tokenizer_tests.cpp */,
				B6A244250E3ED540007F2BEB /* common.cpp */,
				B6A244260E3ED540007F2BEB /* common.h */,
				B6A243FA0E3D6414007F2BEB /* all_tests.cpp */,
				B6A243FB0E3D6414007F2BEB /* all_tests.h */,
			);
			path = tests;
			sourceTree = "<group>";
		};
		B6B06CDD0E7F480700671D05 /* libraries */ = {
			isa = PBXGroup;
			children = (
				B6B06CDE0E7F480700671D05 /* builtin_libraries.cpp */,
				B6B06CDF0E7F480700671D05 /* builtin_libraries.h */,
				B6B06CE00E7F480700671D05 /* graphviz.cpp */,
				B6B06CE10E7F480700671D05 /* graphviz.h */,
			);
			path = libraries;
			sourceTree = "<group>";
		};
		B6F114A00E33394F00B8BA44 /* src */ = {
			isa = PBXGroup;
			children = (
				B6B06CDD0E7F480700671D05 /* libraries */,
				B6A243F90E3D6414007F2BEB /* tests */,
				B6DB9E550E8C035C004811E1 /* list.cpp */,
				B6DB9E560E8C035C004811E1 /* list.h */,
				B6DB9E570E8C035C004811E1 /* ref_list.cpp */,
				B6DB9E580E8C035C004811E1 /* ref_list.h */,
				B6B06CFD0E7F491300671D05 /* values.cpp */,
				B6B06CFE0E7F491300671D05 /* values.h */,
				B6B06CD80E7F480700671D05 /* compilation.cpp */,
				B6B06CD90E7F480700671D05 /* compilation.h */,
				B6B06CDA0E7F480700671D05 /* essentials.h */,
				B6B06CDB0E7F480700671D05 /* evaluation.cpp */,
				B6B06CDC0E7F480700671D05 /* evaluation.h */,
				B6769D660E70D2E900BC7FAE /* importing.cpp */,
				B6769D670E70D2E900BC7FAE /* importing.h */,
				B6769D680E70D2E900BC7FAE /* value_map.cpp */,
				B6769D690E70D2E900BC7FAE /* value_map.h */,
				B69A20530E68CCB700AF7F28 /* cpp_interface.h */,
				B6BA5BED0E622ED800B4C3A0 /* ast.cpp */,
				B6BA5BEE0E622ED800B4C3A0 /* ast.h */,
				B6BA5BF10E622ED800B4C3A0 /* parser.cpp */,
				B6BA5BF20E622ED800B4C3A0 /* parser.h */,
				B6BCE0A50E6477F70062B391 /* syntax_errors.cpp */,
				B6BA5BF30E622ED800B4C3A0 /* syntax_errors.h */,
				B6BA5BF40E622ED800B4C3A0 /* token_stream.h */,
				B6BA5BF50E622ED800B4C3A0 /* tokenizer.cpp */,
				B6BA5BF60E622ED800B4C3A0 /* tokenizer.h */,
				B6A243F30E3D6414007F2BEB /* bootstrapping.cpp */,
				B6A243F40E3D6414007F2BEB /* bootstrapping.h */,
				B6F114A10E33394F00B8BA44 /* branch.cpp */,
				B6F114A20E33394F00B8BA44 /* branch.h */,
				B6F114A70E33394F00B8BA44 /* builtins.cpp */,
				B6F114A80E33394F00B8BA44 /* builtins.h */,
				B6F114AA0E33394F00B8BA44 /* circa.h */,
				B6F114AE0E33394F00B8BA44 /* common_headers.h */,
				B6F114AF0E33394F00B8BA44 /* errors.h */,
				B6A243A40E3568EB007F2BEB /* errors.cpp */,
				B6F114B00E33394F00B8BA44 /* function.cpp */,
				B6F114B10E33394F00B8BA44 /* function.h */,
				B6A243B20E356E26007F2BEB /* main.cpp */,
				B6F115160E34F4B300B8BA44 /* operations.cpp */,
				B6F115170E34F4B300B8BA44 /* operations.h */,
				B68D10CB0E47685600C6D09A /* term_map.cpp */,
				B68D10CC0E47685600C6D09A /* term_map.h */,
				B6B436C90E47E64F00E3B337 /* term_set.h */,
				B6F114B80E33394F00B8BA44 /* term.cpp */,
				B6F114B90E33394F00B8BA44 /* term.h */,
				B6F114BB0E33394F00B8BA44 /* term_namespace.h */,
				B6F114BD0E33394F00B8BA44 /* type.cpp */,
				B6F114BE0E33394F00B8BA44 /* type.h */,
			);
			path = src;
			sourceTree = "<group>";
		};
		C6859E8C029090F304C91782 /* Documentation */ = {
			isa = PBXGroup;
			children = (
			);
			name = Documentation;
			sourceTree = "<group>";
		};
/* End PBXGroup section */

/* Begin PBXNativeTarget section */
		8DD76F620486A84900D96B5E /* circa */ = {
			isa = PBXNativeTarget;
			buildConfigurationList = 1DEB923108733DC60010E9CD /* Build configuration list for PBXNativeTarget "circa" */;
			buildPhases = (
				8DD76F640486A84900D96B5E /* Sources */,
				8DD76F660486A84900D96B5E /* Frameworks */,
				8DD76F690486A84900D96B5E /* CopyFiles */,
			);
			buildRules = (
			);
			dependencies = (
			);
			name = circa;
			productInstallPath = "$(HOME)/bin";
			productName = circa;
			productReference = B64CA7220E6279E400ADB947 /* circa */;
			productType = "com.apple.product-type.tool";
		};
/* End PBXNativeTarget section */

/* Begin PBXProject section */
		08FB7793FE84155DC02AAC07 /* Project object */ = {
			isa = PBXProject;
			buildConfigurationList = 1DEB923508733DC60010E9CD /* Build configuration list for PBXProject "circa" */;
			compatibilityVersion = "Xcode 3.0";
			hasScannedForEncodings = 1;
			mainGroup = 08FB7794FE84155DC02AAC07 /* circa */;
			projectDirPath = "";
			projectRoot = "";
			targets = (
				8DD76F620486A84900D96B5E /* circa */,
			);
		};
/* End PBXProject section */

/* Begin PBXSourcesBuildPhase section */
		8DD76F640486A84900D96B5E /* Sources */ = {
			isa = PBXSourcesBuildPhase;
			buildActionMask = 2147483647;
			files = (
				B6F114C00E33394F00B8BA44 /* branch.cpp in Sources */,
				B6F114C40E33394F00B8BA44 /* builtins.cpp in Sources */,
				B6F114C80E33394F00B8BA44 /* function.cpp in Sources */,
				B6F114CD0E33394F00B8BA44 /* term.cpp in Sources */,
				B6F114D00E33394F00B8BA44 /* type.cpp in Sources */,
				B6F1151A0E34F4B300B8BA44 /* operations.cpp in Sources */,
				B6A243A50E3568EB007F2BEB /* errors.cpp in Sources */,
				B6A243B30E356E26007F2BEB /* main.cpp in Sources */,
				B6A243FD0E3D6414007F2BEB /* bootstrapping.cpp in Sources */,
				B6A243FF0E3D6414007F2BEB /* all_tests.cpp in Sources */,
				B6A244290E3ED540007F2BEB /* common.cpp in Sources */,
				B68D10CD0E47685600C6D09A /* term_map.cpp in Sources */,
				B6BA5BF70E622ED800B4C3A0 /* ast.cpp in Sources */,
				B6BA5BF90E622ED800B4C3A0 /* parser.cpp in Sources */,
				B6BA5BFA0E622ED800B4C3A0 /* tokenizer.cpp in Sources */,
				B6BA5C030E622F1900B4C3A0 /* branch_tests.cpp in Sources */,
				B6BA5C040E622F1900B4C3A0 /* builtin_function_tests.cpp in Sources */,
				B6BA5C050E622F1900B4C3A0 /* list_tests.cpp in Sources */,
				B6BA5C060E622F1900B4C3A0 /* parser_tests.cpp in Sources */,
				B6BA5C070E622F1900B4C3A0 /* primitive_type_tests.cpp in Sources */,
				B6BA5C090E622F1900B4C3A0 /* subroutine_tests.cpp in Sources */,
				B6BA5C0A0E622F1900B4C3A0 /* tokenizer_tests.cpp in Sources */,
				B6BCE0A60E6477F70062B391 /* syntax_errors.cpp in Sources */,
				B6EEE5890E670E9B009E2FA2 /* cpp_interface_tests.cpp in Sources */,
				B69A203F0E68717300AF7F28 /* container_tests.cpp in Sources */,
				B69A20400E68717300AF7F28 /* operations_tests.cpp in Sources */,
				B6769D6A0E70D2E900BC7FAE /* importing.cpp in Sources */,
				B6769D6B0E70D2E900BC7FAE /* value_map.cpp in Sources */,
				B6769D6D0E70D2F600BC7FAE /* importing_tests.cpp in Sources */,
				B6B06CE40E7F480700671D05 /* compilation.cpp in Sources */,
				B6B06CE50E7F480700671D05 /* evaluation.cpp in Sources */,
				B6B06CE60E7F480700671D05 /* builtin_libraries.cpp in Sources */,
				B6B06CE70E7F480700671D05 /* graphviz.cpp in Sources */,
				B6B06CEB0E7F481B00671D05 /* error_tests.cpp in Sources */,
				B6B06CEC0E7F481B00671D05 /* type_tests.cpp in Sources */,
				B6B06CFF0E7F491300671D05 /* values.cpp in Sources */,
				B6DB9E590E8C035C004811E1 /* list.cpp in Sources */,
				B6DB9E5A0E8C035C004811E1 /* ref_list.cpp in Sources */,
			);
			runOnlyForDeploymentPostprocessing = 0;
		};
/* End PBXSourcesBuildPhase section */

/* Begin XCBuildConfiguration section */
		1DEB923208733DC60010E9CD /* Debug */ = {
			isa = XCBuildConfiguration;
			buildSettings = {
				COPY_PHASE_STRIP = NO;
				GCC_DYNAMIC_NO_PIC = NO;
				GCC_ENABLE_FIX_AND_CONTINUE = YES;
				GCC_MODEL_TUNING = G5;
				GCC_OPTIMIZATION_LEVEL = 0;
				GCC_PREPROCESSOR_DEFINITIONS = (
					"_GLIBCXX_DEBUG=1",
					"_GLIBCXX_DEBUG_PEDANTIC=1",
				);
				INSTALL_PATH = /usr/local/bin;
				PRODUCT_NAME = circa;
				ZERO_LINK = YES;
			};
			name = Debug;
		};
		1DEB923308733DC60010E9CD /* Release */ = {
			isa = XCBuildConfiguration;
			buildSettings = {
				DEBUG_INFORMATION_FORMAT = "dwarf-with-dsym";
				GCC_MODEL_TUNING = G5;
				INSTALL_PATH = /usr/local/bin;
				PRODUCT_NAME = circa;
			};
			name = Release;
		};
		1DEB923608733DC60010E9CD /* Debug */ = {
			isa = XCBuildConfiguration;
			buildSettings = {
				GCC_WARN_ABOUT_RETURN_TYPE = YES;
				GCC_WARN_UNUSED_VARIABLE = YES;
				PREBINDING = NO;
				SDKROOT = "$(DEVELOPER_SDK_DIR)/MacOSX10.5.sdk";
				USER_HEADER_SEARCH_PATHS = src;
			};
			name = Debug;
		};
		1DEB923708733DC60010E9CD /* Release */ = {
			isa = XCBuildConfiguration;
			buildSettings = {
				ARCHS = (
					ppc,
					i386,
				);
				GCC_WARN_ABOUT_RETURN_TYPE = YES;
				GCC_WARN_UNUSED_VARIABLE = YES;
				PREBINDING = NO;
				SDKROOT = "$(DEVELOPER_SDK_DIR)/MacOSX10.5.sdk";
				USER_HEADER_SEARCH_PATHS = src;
			};
			name = Release;
		};
/* End XCBuildConfiguration section */

/* Begin XCConfigurationList section */
		1DEB923108733DC60010E9CD /* Build configuration list for PBXNativeTarget "circa" */ = {
			isa = XCConfigurationList;
			buildConfigurations = (
				1DEB923208733DC60010E9CD /* Debug */,
				1DEB923308733DC60010E9CD /* Release */,
			);
			defaultConfigurationIsVisible = 0;
			defaultConfigurationName = Release;
		};
		1DEB923508733DC60010E9CD /* Build configuration list for PBXProject "circa" */ = {
			isa = XCConfigurationList;
			buildConfigurations = (
				1DEB923608733DC60010E9CD /* Debug */,
				1DEB923708733DC60010E9CD /* Release */,
			);
			defaultConfigurationIsVisible = 0;
			defaultConfigurationName = Release;
		};
/* End XCConfigurationList section */
	};
	rootObject = 08FB7793FE84155DC02AAC07 /* Project object */;
}
