// !$*UTF8*$!
{
	archiveVersion = 1;
	classes = {
	};
	objectVersion = 42;
	objects = {

/* Begin PBXFileReference section */
		B61BE5F20CEA910400E5C3B0 /* __init__.py */ = {isa = PBXFileReference; fileEncoding = 30; lastKnownFileType = text.script.python; name = __init__.py; path = src/circa/__init__.py; sourceTree = "<group>"; };
		B61BE5F40CEA910400E5C3B0 /* branch.py */ = {isa = PBXFileReference; fileEncoding = 30; lastKnownFileType = text.script.python; name = branch.py; path = src/circa/branch.py; sourceTree = "<group>"; };
		B61BE5F60CEA910400E5C3B0 /* builder_shorthand.py */ = {isa = PBXFileReference; fileEncoding = 30; lastKnownFileType = text.script.python; name = builder_shorthand.py; path = src/circa/builder_shorthand.py; sourceTree = "<group>"; };
		B61BE5F70CEA910400E5C3B0 /* builder.py */ = {isa = PBXFileReference; fileEncoding = 30; lastKnownFileType = text.script.python; name = builder.py; path = src/circa/builder.py; sourceTree = "<group>"; };
		B61BE5FB0CEA910400E5C3B0 /* __init__.py */ = {isa = PBXFileReference; fileEncoding = 30; lastKnownFileType = text.script.python; path = __init__.py; sourceTree = "<group>"; };
		B61BE5FD0CEA910400E5C3B0 /* base_function.py */ = {isa = PBXFileReference; fileEncoding = 30; lastKnownFileType = text.script.python; path = base_function.py; sourceTree = "<group>"; };
		B61BE5FF0CEA910400E5C3B0 /* cond_branch.py */ = {isa = PBXFileReference; fileEncoding = 30; lastKnownFileType = text.script.python; path = cond_branch.py; sourceTree = "<group>"; };
		B61BE6000CEA910400E5C3B0 /* logic.py */ = {isa = PBXFileReference; fileEncoding = 30; lastKnownFileType = text.script.python; path = logic.py; sourceTree = "<group>"; };
		B61BE6020CEA910400E5C3B0 /* math.py */ = {isa = PBXFileReference; fileEncoding = 30; lastKnownFileType = text.script.python; path = math.py; sourceTree = "<group>"; };
		B61BE6040CEA910400E5C3B0 /* misc.py */ = {isa = PBXFileReference; fileEncoding = 30; lastKnownFileType = text.script.python; path = misc.py; sourceTree = "<group>"; };
		B61BE6050CEA910400E5C3B0 /* value.py */ = {isa = PBXFileReference; fileEncoding = 30; lastKnownFileType = text.script.python; path = value.py; sourceTree = "<group>"; };
		B61BE6060CEA910400E5C3B0 /* datatypes.py */ = {isa = PBXFileReference; fileEncoding = 30; lastKnownFileType = text.script.python; name = datatypes.py; path = src/circa/datatypes.py; sourceTree = "<group>"; };
		B61BE6070CEA910400E5C3B0 /* functions.py */ = {isa = PBXFileReference; fileEncoding = 30; lastKnownFileType = text.script.python; name = functions.py; path = src/circa/functions.py; sourceTree = "<group>"; };
		B61BE6090CEA910400E5C3B0 /* module.py */ = {isa = PBXFileReference; fileEncoding = 30; lastKnownFileType = text.script.python; name = module.py; path = src/circa/module.py; sourceTree = "<group>"; };
		B61BE60D0CEA910400E5C3B0 /* tokenizer.py */ = {isa = PBXFileReference; fileEncoding = 30; lastKnownFileType = text.script.python; path = tokenizer.py; sourceTree = "<group>"; };
		B61BE60E0CEA910400E5C3B0 /* tokens.py */ = {isa = PBXFileReference; fileEncoding = 30; lastKnownFileType = text.script.python; path = tokens.py; sourceTree = "<group>"; };
		B61BE60F0CEA910400E5C3B0 /* subroutine.py */ = {isa = PBXFileReference; fileEncoding = 30; lastKnownFileType = text.script.python; name = subroutine.py; path = src/circa/subroutine.py; sourceTree = "<group>"; };
		B61BE6110CEA910400E5C3B0 /* terms.py */ = {isa = PBXFileReference; fileEncoding = 30; lastKnownFileType = text.script.python; name = terms.py; path = src/circa/terms.py; sourceTree = "<group>"; };
		B61BE6140CEA910400E5C3B0 /* __init__.py */ = {isa = PBXFileReference; fileEncoding = 30; lastKnownFileType = text.script.python; path = __init__.py; sourceTree = "<group>"; };
		B61BE6150CEA910400E5C3B0 /* simple.py */ = {isa = PBXFileReference; fileEncoding = 30; lastKnownFileType = text.script.python; path = simple.py; sourceTree = "<group>"; };
		B6776B200CEE7CE9004B2B13 /* __init__.py */ = {isa = PBXFileReference; fileEncoding = 30; lastKnownFileType = text.script.python; path = __init__.py; sourceTree = "<group>"; };
		B6776B210CEE7CE9004B2B13 /* blocks.py */ = {isa = PBXFileReference; fileEncoding = 30; lastKnownFileType = text.script.python; path = blocks.py; sourceTree = "<group>"; };
		B6776B220CEE7CE9004B2B13 /* parser.py */ = {isa = PBXFileReference; fileEncoding = 30; lastKnownFileType = text.script.python; path = parser.py; sourceTree = "<group>"; };
/* End PBXFileReference section */

/* Begin PBXGroup section */
		B61BE59C0CEA88CA00E5C3B0 = {
			isa = PBXGroup;
			children = (
				B61BE5F20CEA910400E5C3B0 /* __init__.py */,
				B61BE5F40CEA910400E5C3B0 /* branch.py */,
				B61BE5F60CEA910400E5C3B0 /* builder_shorthand.py */,
				B61BE5F70CEA910400E5C3B0 /* builder.py */,
				B61BE5F90CEA910400E5C3B0 /* builtin_functions */,
				B61BE6060CEA910400E5C3B0 /* datatypes.py */,
				B61BE6070CEA910400E5C3B0 /* functions.py */,
				B61BE6090CEA910400E5C3B0 /* module.py */,
				B61BE60B0CEA910400E5C3B0 /* parser */,
				B61BE60F0CEA910400E5C3B0 /* subroutine.py */,
				B61BE6110CEA910400E5C3B0 /* terms.py */,
				B61BE6130CEA910400E5C3B0 /* tests */,
			);
			sourceTree = "<group>";
		};
		B61BE5F90CEA910400E5C3B0 /* builtin_functions */ = {
			isa = PBXGroup;
			children = (
				B61BE5FB0CEA910400E5C3B0 /* __init__.py */,
				B61BE5FD0CEA910400E5C3B0 /* base_function.py */,
				B61BE5FF0CEA910400E5C3B0 /* cond_branch.py */,
				B61BE6000CEA910400E5C3B0 /* logic.py */,
				B61BE6020CEA910400E5C3B0 /* math.py */,
				B61BE6040CEA910400E5C3B0 /* misc.py */,
				B61BE6050CEA910400E5C3B0 /* value.py */,
			);
			name = builtin_functions;
			path = src/circa/builtin_functions;
			sourceTree = "<group>";
		};
		B61BE60B0CEA910400E5C3B0 /* parser */ = {
			isa = PBXGroup;
			children = (
				B6776B200CEE7CE9004B2B13 /* __init__.py */,
				B6776B210CEE7CE9004B2B13 /* blocks.py */,
				B6776B220CEE7CE9004B2B13 /* parser.py */,
				B61BE60D0CEA910400E5C3B0 /* tokenizer.py */,
				B61BE60E0CEA910400E5C3B0 /* tokens.py */,
			);
			name = parser;
			path = src/circa/parser;
			sourceTree = "<group>";
		};
		B61BE6130CEA910400E5C3B0 /* tests */ = {
			isa = PBXGroup;
			children = (
				B61BE6140CEA910400E5C3B0 /* __init__.py */,
				B61BE6150CEA910400E5C3B0 /* simple.py */,
			);
			name = tests;
			path = src/circa/tests;
			sourceTree = "<group>";
		};
/* End PBXGroup section */

/* Begin PBXProject section */
		B61BE59E0CEA88CA00E5C3B0 /* Project object */ = {
			isa = PBXProject;
			buildConfigurationList = B61BE59F0CEA88CA00E5C3B0 /* Build configuration list for PBXProject "circa" */;
			hasScannedForEncodings = 0;
			mainGroup = B61BE59C0CEA88CA00E5C3B0;
			projectDirPath = "";
			projectRoot = "";
			targets = (
			);
		};
/* End PBXProject section */

/* Begin XCBuildConfiguration section */
		B61BE5A00CEA88CA00E5C3B0 /* Debug */ = {
			isa = XCBuildConfiguration;
			buildSettings = {
				COPY_PHASE_STRIP = NO;
			};
			name = Debug;
		};
		B61BE5A10CEA88CA00E5C3B0 /* Release */ = {
			isa = XCBuildConfiguration;
			buildSettings = {
				COPY_PHASE_STRIP = YES;
			};
			name = Release;
		};
/* End XCBuildConfiguration section */

/* Begin XCConfigurationList section */
		B61BE59F0CEA88CA00E5C3B0 /* Build configuration list for PBXProject "circa" */ = {
			isa = XCConfigurationList;
			buildConfigurations = (
				B61BE5A00CEA88CA00E5C3B0 /* Debug */,
				B61BE5A10CEA88CA00E5C3B0 /* Release */,
			);
			defaultConfigurationIsVisible = 0;
			defaultConfigurationName = Release;
		};
/* End XCConfigurationList section */
	};
	rootObject = B61BE59E0CEA88CA00E5C3B0 /* Project object */;
}
